{
  "pins" : [
    {
      "identity" : "queryable",
      "kind" : "remoteSourceControl",
      "location" : "https://github.com/SwiftedMind/Queryable",
      "state" : {
        "revision" : "7677089e3f0db3544ed657c18ed051a18f6dd781",
        "version" : "1.0.2"
      }
    }
  ],
  "version" : 2
}
