{
  "pins" : [
    {
      "identity" : "queryable",
      "kind" : "remoteSourceControl",
      "location" : "https://github.com/SwiftedMind/Queryable",
      "state" : {
        "branch" : "develop",
        "revision" : "07483be6c97222cd00c3d6fd677f67c098459aa9"
      }
    }
  ],
  "version" : 2
}
