// !$*UTF8*$!
{
	archiveVersion = 1;
	classes = {
	};
	objectVersion = 56;
	objects = {

/* Begin PBXBuildFile section */
		95576BD529A91BCA00E6CE99 /* RootNavigator.swift in Sources */ = {isa = PBXBuildFile; fileRef = 95576BD429A91BCA00E6CE99 /* RootNavigator.swift */; };
		95D666BF29719BC700708286 /* FirstChapterApp.swift in Sources */ = {isa = PBXBuildFile; fileRef = 95D666BE29719BC700708286 /* FirstChapterApp.swift */; };
		95D666C329719BC700708286 /* Assets.xcassets in Resources */ = {isa = PBXBuildFile; fileRef = 95D666C229719BC700708286 /* Assets.xcassets */; };
		95D666C629719BC700708286 /* Preview Assets.xcassets in Resources */ = {isa = PBXBuildFile; fileRef = 95D666C529719BC700708286 /* Preview Assets.xcassets */; };
		95D666CF29719BE600708286 /* PreviewDebugTools in Frameworks */ = {isa = PBXBuildFile; productRef = 95D666CE29719BE600708286 /* PreviewDebugTools */; };
		95D666D129719BE600708286 /* Puddles in Frameworks */ = {isa = PBXBuildFile; productRef = 95D666D029719BE600708286 /* Puddles */; };
		95D666D329719C1100708286 /* Root.swift in Sources */ = {isa = PBXBuildFile; fileRef = 95D666D229719C1100708286 /* Root.swift */; };
		95D666D529719CCD00708286 /* HomeView.swift in Sources */ = {isa = PBXBuildFile; fileRef = 95D666D429719CCD00708286 /* HomeView.swift */; };
		95D666DB2971B6D200708286 /* QueryableDemo.swift in Sources */ = {isa = PBXBuildFile; fileRef = 95D666DA2971B6D200708286 /* QueryableDemo.swift */; };
		95D666DD2971B71000708286 /* QueryableDemoView.swift in Sources */ = {isa = PBXBuildFile; fileRef = 95D666DC2971B71000708286 /* QueryableDemoView.swift */; };
/* End PBXBuildFile section */

/* Begin PBXFileReference section */
		95576BD429A91BCA00E6CE99 /* RootNavigator.swift */ = {isa = PBXFileReference; lastKnownFileType = sourcecode.swift; path = RootNavigator.swift; sourceTree = "<group>"; };
		95D666BB29719BC700708286 /* FirstChapter.app */ = {isa = PBXFileReference; explicitFileType = wrapper.application; includeInIndex = 0; path = FirstChapter.app; sourceTree = BUILT_PRODUCTS_DIR; };
		95D666BE29719BC700708286 /* FirstChapterApp.swift */ = {isa = PBXFileReference; lastKnownFileType = sourcecode.swift; path = FirstChapterApp.swift; sourceTree = "<group>"; };
		95D666C229719BC700708286 /* Assets.xcassets */ = {isa = PBXFileReference; lastKnownFileType = folder.assetcatalog; path = Assets.xcassets; sourceTree = "<group>"; };
		95D666C529719BC700708286 /* Preview Assets.xcassets */ = {isa = PBXFileReference; lastKnownFileType = folder.assetcatalog; path = "Preview Assets.xcassets"; sourceTree = "<group>"; };
		95D666CC29719BDA00708286 /* Puddles */ = {isa = PBXFileReference; lastKnownFileType = wrapper; name = Puddles; path = ../../..; sourceTree = "<group>"; };
		95D666D229719C1100708286 /* Root.swift */ = {isa = PBXFileReference; lastKnownFileType = sourcecode.swift; path = Root.swift; sourceTree = "<group>"; };
		95D666D429719CCD00708286 /* HomeView.swift */ = {isa = PBXFileReference; lastKnownFileType = sourcecode.swift; path = HomeView.swift; sourceTree = "<group>"; };
		95D666DA2971B6D200708286 /* QueryableDemo.swift */ = {isa = PBXFileReference; lastKnownFileType = sourcecode.swift; path = QueryableDemo.swift; sourceTree = "<group>"; };
		95D666DC2971B71000708286 /* QueryableDemoView.swift */ = {isa = PBXFileReference; lastKnownFileType = sourcecode.swift; path = QueryableDemoView.swift; sourceTree = "<group>"; };
/* End PBXFileReference section */

/* Begin PBXFrameworksBuildPhase section */
		95D666B829719BC700708286 /* Frameworks */ = {
			isa = PBXFrameworksBuildPhase;
			buildActionMask = 2147483647;
			files = (
				95D666D129719BE600708286 /* Puddles in Frameworks */,
				95D666CF29719BE600708286 /* PreviewDebugTools in Frameworks */,
			);
			runOnlyForDeploymentPostprocessing = 0;
		};
/* End PBXFrameworksBuildPhase section */

/* Begin PBXGroup section */
		95576BD329A91BBC00E6CE99 /* Navigators */ = {
			isa = PBXGroup;
			children = (
				95576BD429A91BCA00E6CE99 /* RootNavigator.swift */,
			);
			path = Navigators;
			sourceTree = "<group>";
		};
		95D666B229719BC700708286 = {
			isa = PBXGroup;
			children = (
				95D666CC29719BDA00708286 /* Puddles */,
				95D666BD29719BC700708286 /* FirstChapter */,
				95D666BC29719BC700708286 /* Products */,
				95D666CD29719BE600708286 /* Frameworks */,
			);
			sourceTree = "<group>";
		};
		95D666BC29719BC700708286 /* Products */ = {
			isa = PBXGroup;
			children = (
				95D666BB29719BC700708286 /* FirstChapter.app */,
			);
			name = Products;
			sourceTree = "<group>";
		};
		95D666BD29719BC700708286 /* FirstChapter */ = {
			isa = PBXGroup;
			children = (
				95D666BE29719BC700708286 /* FirstChapterApp.swift */,
				95576BD329A91BBC00E6CE99 /* Navigators */,
				95D666D729719FD700708286 /* Coordinators */,
				95D666D629719CD100708286 /* Views */,
				95D666C229719BC700708286 /* Assets.xcassets */,
				95D666C429719BC700708286 /* Preview Content */,
			);
			path = FirstChapter;
			sourceTree = "<group>";
		};
		95D666C429719BC700708286 /* Preview Content */ = {
			isa = PBXGroup;
			children = (
				95D666C529719BC700708286 /* Preview Assets.xcassets */,
			);
			path = "Preview Content";
			sourceTree = "<group>";
		};
		95D666CD29719BE600708286 /* Frameworks */ = {
			isa = PBXGroup;
			children = (
			);
			name = Frameworks;
			sourceTree = "<group>";
		};
		95D666D629719CD100708286 /* Views */ = {
			isa = PBXGroup;
			children = (
				95D666D429719CCD00708286 /* HomeView.swift */,
				95D666DC2971B71000708286 /* QueryableDemoView.swift */,
			);
			path = Views;
			sourceTree = "<group>";
		};
		95D666D729719FD700708286 /* Coordinators */ = {
			isa = PBXGroup;
			children = (
				95D666D229719C1100708286 /* Root.swift */,
				95D666DA2971B6D200708286 /* QueryableDemo.swift */,
			);
			path = Coordinators;
			sourceTree = "<group>";
		};
/* End PBXGroup section */

/* Begin PBXNativeTarget section */
		95D666BA29719BC700708286 /* FirstChapter */ = {
			isa = PBXNativeTarget;
			buildConfigurationList = 95D666C929719BC700708286 /* Build configuration list for PBXNativeTarget "FirstChapter" */;
			buildPhases = (
				95D666B729719BC700708286 /* Sources */,
				95D666B829719BC700708286 /* Frameworks */,
				95D666B929719BC700708286 /* Resources */,
			);
			buildRules = (
			);
			dependencies = (
			);
			name = FirstChapter;
			packageProductDependencies = (
				95D666CE29719BE600708286 /* PreviewDebugTools */,
				95D666D029719BE600708286 /* Puddles */,
			);
			productName = FirstChapter;
			productReference = 95D666BB29719BC700708286 /* FirstChapter.app */;
			productType = "com.apple.product-type.application";
		};
/* End PBXNativeTarget section */

/* Begin PBXProject section */
		95D666B329719BC700708286 /* Project object */ = {
			isa = PBXProject;
			attributes = {
				BuildIndependentTargetsInParallel = 1;
				LastSwiftUpdateCheck = 1420;
				LastUpgradeCheck = 1420;
				TargetAttributes = {
					95D666BA29719BC700708286 = {
						CreatedOnToolsVersion = 14.2;
					};
				};
			};
			buildConfigurationList = 95D666B629719BC700708286 /* Build configuration list for PBXProject "FirstChapter" */;
			compatibilityVersion = "Xcode 14.0";
			developmentRegion = en;
			hasScannedForEncodings = 0;
			knownRegions = (
				en,
				Base,
			);
			mainGroup = 95D666B229719BC700708286;
			productRefGroup = 95D666BC29719BC700708286 /* Products */;
			projectDirPath = "";
			projectRoot = "";
			targets = (
				95D666BA29719BC700708286 /* FirstChapter */,
			);
		};
/* End PBXProject section */

/* Begin PBXResourcesBuildPhase section */
		95D666B929719BC700708286 /* Resources */ = {
			isa = PBXResourcesBuildPhase;
			buildActionMask = 2147483647;
			files = (
				95D666C629719BC700708286 /* Preview Assets.xcassets in Resources */,
				95D666C329719BC700708286 /* Assets.xcassets in Resources */,
			);
			runOnlyForDeploymentPostprocessing = 0;
		};
/* End PBXResourcesBuildPhase section */

/* Begin PBXSourcesBuildPhase section */
		95D666B729719BC700708286 /* Sources */ = {
			isa = PBXSourcesBuildPhase;
			buildActionMask = 2147483647;
			files = (
				95D666D529719CCD00708286 /* HomeView.swift in Sources */,
				95576BD529A91BCA00E6CE99 /* RootNavigator.swift in Sources */,
				95D666DD2971B71000708286 /* QueryableDemoView.swift in Sources */,
				95D666DB2971B6D200708286 /* QueryableDemo.swift in Sources */,
				95D666BF29719BC700708286 /* FirstChapterApp.swift in Sources */,
				95D666D329719C1100708286 /* Root.swift in Sources */,
			);
			runOnlyForDeploymentPostprocessing = 0;
		};
/* End PBXSourcesBuildPhase section */

/* Begin XCBuildConfiguration section */
		95D666C729719BC700708286 /* Debug */ = {
			isa = XCBuildConfiguration;
			buildSettings = {
				ALWAYS_SEARCH_USER_PATHS = NO;
				CLANG_ANALYZER_NONNULL = YES;
				CLANG_ANALYZER_NUMBER_OBJECT_CONVERSION = YES_AGGRESSIVE;
				CLANG_CXX_LANGUAGE_STANDARD = "gnu++20";
				CLANG_ENABLE_MODULES = YES;
				CLANG_ENABLE_OBJC_ARC = YES;
				CLANG_ENABLE_OBJC_WEAK = YES;
				CLANG_WARN_BLOCK_CAPTURE_AUTORELEASING = YES;
				CLANG_WARN_BOOL_CONVERSION = YES;
				CLANG_WARN_COMMA = YES;
				CLANG_WARN_CONSTANT_CONVERSION = YES;
				CLANG_WARN_DEPRECATED_OBJC_IMPLEMENTATIONS = YES;
				CLANG_WARN_DIRECT_OBJC_ISA_USAGE = YES_ERROR;
				CLANG_WARN_DOCUMENTATION_COMMENTS = YES;
				CLANG_WARN_EMPTY_BODY = YES;
				CLANG_WARN_ENUM_CONVERSION = YES;
				CLANG_WARN_INFINITE_RECURSION = YES;
				CLANG_WARN_INT_CONVERSION = YES;
				CLANG_WARN_NON_LITERAL_NULL_CONVERSION = YES;
				CLANG_WARN_OBJC_IMPLICIT_RETAIN_SELF = YES;
				CLANG_WARN_OBJC_LITERAL_CONVERSION = YES;
				CLANG_WARN_OBJC_ROOT_CLASS = YES_ERROR;
				CLANG_WARN_QUOTED_INCLUDE_IN_FRAMEWORK_HEADER = YES;
				CLANG_WARN_RANGE_LOOP_ANALYSIS = YES;
				CLANG_WARN_STRICT_PROTOTYPES = YES;
				CLANG_WARN_SUSPICIOUS_MOVE = YES;
				CLANG_WARN_UNGUARDED_AVAILABILITY = YES_AGGRESSIVE;
				CLANG_WARN_UNREACHABLE_CODE = YES;
				CLANG_WARN__DUPLICATE_METHOD_MATCH = YES;
				COPY_PHASE_STRIP = NO;
				DEBUG_INFORMATION_FORMAT = dwarf;
				ENABLE_STRICT_OBJC_MSGSEND = YES;
				ENABLE_TESTABILITY = YES;
				GCC_C_LANGUAGE_STANDARD = gnu11;
				GCC_DYNAMIC_NO_PIC = NO;
				GCC_NO_COMMON_BLOCKS = YES;
				GCC_OPTIMIZATION_LEVEL = 0;
				GCC_PREPROCESSOR_DEFINITIONS = (
					"DEBUG=1",
					"$(inherited)",
				);
				GCC_WARN_64_TO_32_BIT_CONVERSION = YES;
				GCC_WARN_ABOUT_RETURN_TYPE = YES_ERROR;
				GCC_WARN_UNDECLARED_SELECTOR = YES;
				GCC_WARN_UNINITIALIZED_AUTOS = YES_AGGRESSIVE;
				GCC_WARN_UNUSED_FUNCTION = YES;
				GCC_WARN_UNUSED_VARIABLE = YES;
				IPHONEOS_DEPLOYMENT_TARGET = 16.2;
				MTL_ENABLE_DEBUG_INFO = INCLUDE_SOURCE;
				MTL_FAST_MATH = YES;
				ONLY_ACTIVE_ARCH = YES;
				SDKROOT = iphoneos;
				SWIFT_ACTIVE_COMPILATION_CONDITIONS = DEBUG;
				SWIFT_OPTIMIZATION_LEVEL = "-Onone";
			};
			name = Debug;
		};
		95D666C829719BC700708286 /* Release */ = {
			isa = XCBuildConfiguration;
			buildSettings = {
				ALWAYS_SEARCH_USER_PATHS = NO;
				CLANG_ANALYZER_NONNULL = YES;
				CLANG_ANALYZER_NUMBER_OBJECT_CONVERSION = YES_AGGRESSIVE;
				CLANG_CXX_LANGUAGE_STANDARD = "gnu++20";
				CLANG_ENABLE_MODULES = YES;
				CLANG_ENABLE_OBJC_ARC = YES;
				CLANG_ENABLE_OBJC_WEAK = YES;
				CLANG_WARN_BLOCK_CAPTURE_AUTORELEASING = YES;
				CLANG_WARN_BOOL_CONVERSION = YES;
				CLANG_WARN_COMMA = YES;
				CLANG_WARN_CONSTANT_CONVERSION = YES;
				CLANG_WARN_DEPRECATED_OBJC_IMPLEMENTATIONS = YES;
				CLANG_WARN_DIRECT_OBJC_ISA_USAGE = YES_ERROR;
				CLANG_WARN_DOCUMENTATION_COMMENTS = YES;
				CLANG_WARN_EMPTY_BODY = YES;
				CLANG_WARN_ENUM_CONVERSION = YES;
				CLANG_WARN_INFINITE_RECURSION = YES;
				CLANG_WARN_INT_CONVERSION = YES;
				CLANG_WARN_NON_LITERAL_NULL_CONVERSION = YES;
				CLANG_WARN_OBJC_IMPLICIT_RETAIN_SELF = YES;
				CLANG_WARN_OBJC_LITERAL_CONVERSION = YES;
				CLANG_WARN_OBJC_ROOT_CLASS = YES_ERROR;
				CLANG_WARN_QUOTED_INCLUDE_IN_FRAMEWORK_HEADER = YES;
				CLANG_WARN_RANGE_LOOP_ANALYSIS = YES;
				CLANG_WARN_STRICT_PROTOTYPES = YES;
				CLANG_WARN_SUSPICIOUS_MOVE = YES;
				CLANG_WARN_UNGUARDED_AVAILABILITY = YES_AGGRESSIVE;
				CLANG_WARN_UNREACHABLE_CODE = YES;
				CLANG_WARN__DUPLICATE_METHOD_MATCH = YES;
				COPY_PHASE_STRIP = NO;
				DEBUG_INFORMATION_FORMAT = "dwarf-with-dsym";
				ENABLE_NS_ASSERTIONS = NO;
				ENABLE_STRICT_OBJC_MSGSEND = YES;
				GCC_C_LANGUAGE_STANDARD = gnu11;
				GCC_NO_COMMON_BLOCKS = YES;
				GCC_WARN_64_TO_32_BIT_CONVERSION = YES;
				GCC_WARN_ABOUT_RETURN_TYPE = YES_ERROR;
				GCC_WARN_UNDECLARED_SELECTOR = YES;
				GCC_WARN_UNINITIALIZED_AUTOS = YES_AGGRESSIVE;
				GCC_WARN_UNUSED_FUNCTION = YES;
				GCC_WARN_UNUSED_VARIABLE = YES;
				IPHONEOS_DEPLOYMENT_TARGET = 16.2;
				MTL_ENABLE_DEBUG_INFO = NO;
				MTL_FAST_MATH = YES;
				SDKROOT = iphoneos;
				SWIFT_COMPILATION_MODE = wholemodule;
				SWIFT_OPTIMIZATION_LEVEL = "-O";
				VALIDATE_PRODUCT = YES;
			};
			name = Release;
		};
		95D666CA29719BC700708286 /* Debug */ = {
			isa = XCBuildConfiguration;
			buildSettings = {
				ASSETCATALOG_COMPILER_APPICON_NAME = AppIcon;
				ASSETCATALOG_COMPILER_GLOBAL_ACCENT_COLOR_NAME = AccentColor;
				CODE_SIGN_STYLE = Automatic;
				CURRENT_PROJECT_VERSION = 1;
				DEVELOPMENT_ASSET_PATHS = "\"FirstChapter/Preview Content\"";
				DEVELOPMENT_TEAM = 7F6BJZY5B3;
				ENABLE_PREVIEWS = YES;
				GENERATE_INFOPLIST_FILE = YES;
				INFOPLIST_KEY_UIApplicationSceneManifest_Generation = YES;
				INFOPLIST_KEY_UIApplicationSupportsIndirectInputEvents = YES;
				INFOPLIST_KEY_UILaunchScreen_Generation = YES;
				INFOPLIST_KEY_UISupportedInterfaceOrientations_iPad = "UIInterfaceOrientationPortrait UIInterfaceOrientationPortraitUpsideDown UIInterfaceOrientationLandscapeLeft UIInterfaceOrientationLandscapeRight";
				INFOPLIST_KEY_UISupportedInterfaceOrientations_iPhone = "UIInterfaceOrientationPortrait UIInterfaceOrientationLandscapeLeft UIInterfaceOrientationLandscapeRight";
				LD_RUNPATH_SEARCH_PATHS = (
					"$(inherited)",
					"@executable_path/Frameworks",
				);
				MARKETING_VERSION = 1.0;
				PRODUCT_BUNDLE_IDENTIFIER = com.swiftedmind.puddles.tutorials.FirstChapter;
				PRODUCT_NAME = "$(TARGET_NAME)";
				SWIFT_EMIT_LOC_STRINGS = YES;
				SWIFT_VERSION = 5.0;
				TARGETED_DEVICE_FAMILY = "1,2";
			};
			name = Debug;
		};
		95D666CB29719BC700708286 /* Release */ = {
			isa = XCBuildConfiguration;
			buildSettings = {
				ASSETCATALOG_COMPILER_APPICON_NAME = AppIcon;
				ASSETCATALOG_COMPILER_GLOBAL_ACCENT_COLOR_NAME = AccentColor;
				CODE_SIGN_STYLE = Automatic;
				CURRENT_PROJECT_VERSION = 1;
				DEVELOPMENT_ASSET_PATHS = "\"FirstChapter/Preview Content\"";
				DEVELOPMENT_TEAM = 7F6BJZY5B3;
				ENABLE_PREVIEWS = YES;
				GENERATE_INFOPLIST_FILE = YES;
				INFOPLIST_KEY_UIApplicationSceneManifest_Generation = YES;
				INFOPLIST_KEY_UIApplicationSupportsIndirectInputEvents = YES;
				INFOPLIST_KEY_UILaunchScreen_Generation = YES;
				INFOPLIST_KEY_UISupportedInterfaceOrientations_iPad = "UIInterfaceOrientationPortrait UIInterfaceOrientationPortraitUpsideDown UIInterfaceOrientationLandscapeLeft UIInterfaceOrientationLandscapeRight";
				INFOPLIST_KEY_UISupportedInterfaceOrientations_iPhone = "UIInterfaceOrientationPortrait UIInterfaceOrientationLandscapeLeft UIInterfaceOrientationLandscapeRight";
				LD_RUNPATH_SEARCH_PATHS = (
					"$(inherited)",
					"@executable_path/Frameworks",
				);
				MARKETING_VERSION = 1.0;
				PRODUCT_BUNDLE_IDENTIFIER = com.swiftedmind.puddles.tutorials.FirstChapter;
				PRODUCT_NAME = "$(TARGET_NAME)";
				SWIFT_EMIT_LOC_STRINGS = YES;
				SWIFT_VERSION = 5.0;
				TARGETED_DEVICE_FAMILY = "1,2";
			};
			name = Release;
		};
/* End XCBuildConfiguration section */

/* Begin XCConfigurationList section */
		95D666B629719BC700708286 /* Build configuration list for PBXProject "FirstChapter" */ = {
			isa = XCConfigurationList;
			buildConfigurations = (
				95D666C729719BC700708286 /* Debug */,
				95D666C829719BC700708286 /* Release */,
			);
			defaultConfigurationIsVisible = 0;
			defaultConfigurationName = Release;
		};
		95D666C929719BC700708286 /* Build configuration list for PBXNativeTarget "FirstChapter" */ = {
			isa = XCConfigurationList;
			buildConfigurations = (
				95D666CA29719BC700708286 /* Debug */,
				95D666CB29719BC700708286 /* Release */,
			);
			defaultConfigurationIsVisible = 0;
			defaultConfigurationName = Release;
		};
/* End XCConfigurationList section */

/* Begin XCSwiftPackageProductDependency section */
		95D666CE29719BE600708286 /* PreviewDebugTools */ = {
			isa = XCSwiftPackageProductDependency;
			productName = PreviewDebugTools;
		};
		95D666D029719BE600708286 /* Puddles */ = {
			isa = XCSwiftPackageProductDependency;
			productName = Puddles;
		};
/* End XCSwiftPackageProductDependency section */
	};
	rootObject = 95D666B329719BC700708286 /* Project object */;
}
