// !$*UTF8*$!
{
	archiveVersion = 1;
	classes = {
	};
	objectVersion = 56;
	objects = {

/* Begin PBXBuildFile section */
		95BC4C2229E3E23200DEB5E3 /* ExampleApp.swift in Sources */ = {isa = PBXBuildFile; fileRef = 95BC4C2129E3E23200DEB5E3 /* ExampleApp.swift */; };
		95BC4C2629E3E23300DEB5E3 /* Assets.xcassets in Resources */ = {isa = PBXBuildFile; fileRef = 95BC4C2529E3E23300DEB5E3 /* Assets.xcassets */; };
		95BC4C2929E3E23300DEB5E3 /* Preview Assets.xcassets in Resources */ = {isa = PBXBuildFile; fileRef = 95BC4C2829E3E23300DEB5E3 /* Preview Assets.xcassets */; };
		95BC4C3229E3E25D00DEB5E3 /* PreviewDebugTools in Frameworks */ = {isa = PBXBuildFile; productRef = 95BC4C3129E3E25D00DEB5E3 /* PreviewDebugTools */; };
		95BC4C3429E3E25D00DEB5E3 /* Puddles in Frameworks */ = {isa = PBXBuildFile; productRef = 95BC4C3329E3E25D00DEB5E3 /* Puddles */; };
		95BC4C3629E3E2AD00DEB5E3 /* BookListView.swift in Sources */ = {isa = PBXBuildFile; fileRef = 95BC4C3529E3E2AD00DEB5E3 /* BookListView.swift */; };
		95BC4C3829E3E2C600DEB5E3 /* Book.swift in Sources */ = {isa = PBXBuildFile; fileRef = 95BC4C3729E3E2C600DEB5E3 /* Book.swift */; };
		95BC4C3B29E3E41F00DEB5E3 /* BookList.swift in Sources */ = {isa = PBXBuildFile; fileRef = 95BC4C3A29E3E41F00DEB5E3 /* BookList.swift */; };
		95BC4C4129E3E46E00DEB5E3 /* BookList+Favorites.swift in Sources */ = {isa = PBXBuildFile; fileRef = 95BC4C4029E3E46E00DEB5E3 /* BookList+Favorites.swift */; };
		95BC4C4429E3E4B800DEB5E3 /* FavoriteBooksRepository.swift in Sources */ = {isa = PBXBuildFile; fileRef = 95BC4C4329E3E4B800DEB5E3 /* FavoriteBooksRepository.swift */; };
		95BC4C4629E3E53600DEB5E3 /* BooksNavigator.swift in Sources */ = {isa = PBXBuildFile; fileRef = 95BC4C4529E3E53600DEB5E3 /* BooksNavigator.swift */; };
/* End PBXBuildFile section */

/* Begin PBXFileReference section */
		95BC4C1E29E3E23200DEB5E3 /* ReadmeExample.app */ = {isa = PBXFileReference; explicitFileType = wrapper.application; includeInIndex = 0; path = ReadmeExample.app; sourceTree = BUILT_PRODUCTS_DIR; };
		95BC4C2129E3E23200DEB5E3 /* ExampleApp.swift */ = {isa = PBXFileReference; lastKnownFileType = sourcecode.swift; path = ExampleApp.swift; sourceTree = "<group>"; };
		95BC4C2529E3E23300DEB5E3 /* Assets.xcassets */ = {isa = PBXFileReference; lastKnownFileType = folder.assetcatalog; path = Assets.xcassets; sourceTree = "<group>"; };
		95BC4C2829E3E23300DEB5E3 /* Preview Assets.xcassets */ = {isa = PBXFileReference; lastKnownFileType = folder.assetcatalog; path = "Preview Assets.xcassets"; sourceTree = "<group>"; };
		95BC4C2F29E3E24900DEB5E3 /* Puddles */ = {isa = PBXFileReference; lastKnownFileType = wrapper; name = Puddles; path = ../..; sourceTree = "<group>"; };
		95BC4C3529E3E2AD00DEB5E3 /* BookListView.swift */ = {isa = PBXFileReference; lastKnownFileType = sourcecode.swift; path = BookListView.swift; sourceTree = "<group>"; };
		95BC4C3729E3E2C600DEB5E3 /* Book.swift */ = {isa = PBXFileReference; lastKnownFileType = sourcecode.swift; path = Book.swift; sourceTree = "<group>"; };
		95BC4C3A29E3E41F00DEB5E3 /* BookList.swift */ = {isa = PBXFileReference; lastKnownFileType = sourcecode.swift; path = BookList.swift; sourceTree = "<group>"; };
		95BC4C4029E3E46E00DEB5E3 /* BookList+Favorites.swift */ = {isa = PBXFileReference; lastKnownFileType = sourcecode.swift; path = "BookList+Favorites.swift"; sourceTree = "<group>"; };
		95BC4C4329E3E4B800DEB5E3 /* FavoriteBooksRepository.swift */ = {isa = PBXFileReference; lastKnownFileType = sourcecode.swift; path = FavoriteBooksRepository.swift; sourceTree = "<group>"; };
		95BC4C4529E3E53600DEB5E3 /* BooksNavigator.swift */ = {isa = PBXFileReference; lastKnownFileType = sourcecode.swift; path = BooksNavigator.swift; sourceTree = "<group>"; };
/* End PBXFileReference section */

/* Begin PBXFrameworksBuildPhase section */
		95BC4C1B29E3E23200DEB5E3 /* Frameworks */ = {
			isa = PBXFrameworksBuildPhase;
			buildActionMask = 2147483647;
			files = (
				95BC4C3429E3E25D00DEB5E3 /* Puddles in Frameworks */,
				95BC4C3229E3E25D00DEB5E3 /* PreviewDebugTools in Frameworks */,
			);
			runOnlyForDeploymentPostprocessing = 0;
		};
/* End PBXFrameworksBuildPhase section */

/* Begin PBXGroup section */
		95BC4C1529E3E23200DEB5E3 = {
			isa = PBXGroup;
			children = (
				95BC4C2F29E3E24900DEB5E3 /* Puddles */,
				95BC4C2029E3E23200DEB5E3 /* ReadmeExample */,
				95BC4C1F29E3E23200DEB5E3 /* Products */,
				95BC4C3029E3E25D00DEB5E3 /* Frameworks */,
			);
			sourceTree = "<group>";
		};
		95BC4C1F29E3E23200DEB5E3 /* Products */ = {
			isa = PBXGroup;
			children = (
				95BC4C1E29E3E23200DEB5E3 /* ReadmeExample.app */,
			);
			name = Products;
			sourceTree = "<group>";
		};
		95BC4C2029E3E23200DEB5E3 /* ReadmeExample */ = {
			isa = PBXGroup;
			children = (
				95BC4C2129E3E23200DEB5E3 /* ExampleApp.swift */,
				95BC4C4229E3E4AF00DEB5E3 /* Repositories */,
				95BC4C3929E3E2CE00DEB5E3 /* Models */,
				95BC4C3F29E3E45C00DEB5E3 /* Navigators */,
				95BC4C3C29E3E45200DEB5E3 /* Data Providers */,
				95BC4C3D29E3E45700DEB5E3 /* View Providers */,
				95BC4C3E29E3E45B00DEB5E3 /* Views */,
				95BC4C2529E3E23300DEB5E3 /* Assets.xcassets */,
				95BC4C2729E3E23300DEB5E3 /* Preview Content */,
			);
			path = ReadmeExample;
			sourceTree = "<group>";
		};
		95BC4C2729E3E23300DEB5E3 /* Preview Content */ = {
			isa = PBXGroup;
			children = (
				95BC4C2829E3E23300DEB5E3 /* Preview Assets.xcassets */,
			);
			path = "Preview Content";
			sourceTree = "<group>";
		};
		95BC4C3029E3E25D00DEB5E3 /* Frameworks */ = {
			isa = PBXGroup;
			children = (
			);
			name = Frameworks;
			sourceTree = "<group>";
		};
		95BC4C3929E3E2CE00DEB5E3 /* Models */ = {
			isa = PBXGroup;
			children = (
				95BC4C3729E3E2C600DEB5E3 /* Book.swift */,
			);
			path = Models;
			sourceTree = "<group>";
		};
		95BC4C3C29E3E45200DEB5E3 /* Data Providers */ = {
			isa = PBXGroup;
			children = (
				95BC4C4029E3E46E00DEB5E3 /* BookList+Favorites.swift */,
			);
			path = "Data Providers";
			sourceTree = "<group>";
		};
		95BC4C3D29E3E45700DEB5E3 /* View Providers */ = {
			isa = PBXGroup;
			children = (
				95BC4C3A29E3E41F00DEB5E3 /* BookList.swift */,
			);
			path = "View Providers";
			sourceTree = "<group>";
		};
		95BC4C3E29E3E45B00DEB5E3 /* Views */ = {
			isa = PBXGroup;
			children = (
				95BC4C4729E3E55A00DEB5E3 /* Components */,
				95BC4C3529E3E2AD00DEB5E3 /* BookListView.swift */,
			);
			path = Views;
			sourceTree = "<group>";
		};
		95BC4C3F29E3E45C00DEB5E3 /* Navigators */ = {
			isa = PBXGroup;
			children = (
				95BC4C4529E3E53600DEB5E3 /* BooksNavigator.swift */,
			);
			path = Navigators;
			sourceTree = "<group>";
		};
		95BC4C4229E3E4AF00DEB5E3 /* Repositories */ = {
			isa = PBXGroup;
			children = (
				95BC4C4329E3E4B800DEB5E3 /* FavoriteBooksRepository.swift */,
			);
			path = Repositories;
			sourceTree = "<group>";
		};
		95BC4C4729E3E55A00DEB5E3 /* Components */ = {
			isa = PBXGroup;
			children = (
			);
			path = Components;
			sourceTree = "<group>";
		};
/* End PBXGroup section */

/* Begin PBXNativeTarget section */
		95BC4C1D29E3E23200DEB5E3 /* ReadmeExample */ = {
			isa = PBXNativeTarget;
			buildConfigurationList = 95BC4C2C29E3E23300DEB5E3 /* Build configuration list for PBXNativeTarget "ReadmeExample" */;
			buildPhases = (
				95BC4C1A29E3E23200DEB5E3 /* Sources */,
				95BC4C1B29E3E23200DEB5E3 /* Frameworks */,
				95BC4C1C29E3E23200DEB5E3 /* Resources */,
			);
			buildRules = (
			);
			dependencies = (
			);
			name = ReadmeExample;
			packageProductDependencies = (
				95BC4C3129E3E25D00DEB5E3 /* PreviewDebugTools */,
				95BC4C3329E3E25D00DEB5E3 /* Puddles */,
			);
			productName = ReadmeExample;
			productReference = 95BC4C1E29E3E23200DEB5E3 /* ReadmeExample.app */;
			productType = "com.apple.product-type.application";
		};
/* End PBXNativeTarget section */

/* Begin PBXProject section */
		95BC4C1629E3E23200DEB5E3 /* Project object */ = {
			isa = PBXProject;
			attributes = {
				BuildIndependentTargetsInParallel = 1;
				LastSwiftUpdateCheck = 1430;
				LastUpgradeCheck = 1430;
				TargetAttributes = {
					95BC4C1D29E3E23200DEB5E3 = {
						CreatedOnToolsVersion = 14.3;
					};
				};
			};
			buildConfigurationList = 95BC4C1929E3E23200DEB5E3 /* Build configuration list for PBXProject "ReadmeExample" */;
			compatibilityVersion = "Xcode 14.0";
			developmentRegion = en;
			hasScannedForEncodings = 0;
			knownRegions = (
				en,
				Base,
			);
			mainGroup = 95BC4C1529E3E23200DEB5E3;
			productRefGroup = 95BC4C1F29E3E23200DEB5E3 /* Products */;
			projectDirPath = "";
			projectRoot = "";
			targets = (
				95BC4C1D29E3E23200DEB5E3 /* ReadmeExample */,
			);
		};
/* End PBXProject section */

/* Begin PBXResourcesBuildPhase section */
		95BC4C1C29E3E23200DEB5E3 /* Resources */ = {
			isa = PBXResourcesBuildPhase;
			buildActionMask = 2147483647;
			files = (
				95BC4C2929E3E23300DEB5E3 /* Preview Assets.xcassets in Resources */,
				95BC4C2629E3E23300DEB5E3 /* Assets.xcassets in Resources */,
			);
			runOnlyForDeploymentPostprocessing = 0;
		};
/* End PBXResourcesBuildPhase section */

/* Begin PBXSourcesBuildPhase section */
		95BC4C1A29E3E23200DEB5E3 /* Sources */ = {
			isa = PBXSourcesBuildPhase;
			buildActionMask = 2147483647;
			files = (
				95BC4C4629E3E53600DEB5E3 /* BooksNavigator.swift in Sources */,
				95BC4C3829E3E2C600DEB5E3 /* Book.swift in Sources */,
				95BC4C4429E3E4B800DEB5E3 /* FavoriteBooksRepository.swift in Sources */,
				95BC4C4129E3E46E00DEB5E3 /* BookList+Favorites.swift in Sources */,
				95BC4C3B29E3E41F00DEB5E3 /* BookList.swift in Sources */,
				95BC4C3629E3E2AD00DEB5E3 /* BookListView.swift in Sources */,
				95BC4C2229E3E23200DEB5E3 /* ExampleApp.swift in Sources */,
			);
			runOnlyForDeploymentPostprocessing = 0;
		};
/* End PBXSourcesBuildPhase section */

/* Begin XCBuildConfiguration section */
		95BC4C2A29E3E23300DEB5E3 /* Debug */ = {
			isa = XCBuildConfiguration;
			buildSettings = {
				ALWAYS_SEARCH_USER_PATHS = NO;
				CLANG_ANALYZER_NONNULL = YES;
				CLANG_ANALYZER_NUMBER_OBJECT_CONVERSION = YES_AGGRESSIVE;
				CLANG_CXX_LANGUAGE_STANDARD = "gnu++20";
				CLANG_ENABLE_MODULES = YES;
				CLANG_ENABLE_OBJC_ARC = YES;
				CLANG_ENABLE_OBJC_WEAK = YES;
				CLANG_WARN_BLOCK_CAPTURE_AUTORELEASING = YES;
				CLANG_WARN_BOOL_CONVERSION = YES;
				CLANG_WARN_COMMA = YES;
				CLANG_WARN_CONSTANT_CONVERSION = YES;
				CLANG_WARN_DEPRECATED_OBJC_IMPLEMENTATIONS = YES;
				CLANG_WARN_DIRECT_OBJC_ISA_USAGE = YES_ERROR;
				CLANG_WARN_DOCUMENTATION_COMMENTS = YES;
				CLANG_WARN_EMPTY_BODY = YES;
				CLANG_WARN_ENUM_CONVERSION = YES;
				CLANG_WARN_INFINITE_RECURSION = YES;
				CLANG_WARN_INT_CONVERSION = YES;
				CLANG_WARN_NON_LITERAL_NULL_CONVERSION = YES;
				CLANG_WARN_OBJC_IMPLICIT_RETAIN_SELF = YES;
				CLANG_WARN_OBJC_LITERAL_CONVERSION = YES;
				CLANG_WARN_OBJC_ROOT_CLASS = YES_ERROR;
				CLANG_WARN_QUOTED_INCLUDE_IN_FRAMEWORK_HEADER = YES;
				CLANG_WARN_RANGE_LOOP_ANALYSIS = YES;
				CLANG_WARN_STRICT_PROTOTYPES = YES;
				CLANG_WARN_SUSPICIOUS_MOVE = YES;
				CLANG_WARN_UNGUARDED_AVAILABILITY = YES_AGGRESSIVE;
				CLANG_WARN_UNREACHABLE_CODE = YES;
				CLANG_WARN__DUPLICATE_METHOD_MATCH = YES;
				COPY_PHASE_STRIP = NO;
				DEBUG_INFORMATION_FORMAT = dwarf;
				ENABLE_STRICT_OBJC_MSGSEND = YES;
				ENABLE_TESTABILITY = YES;
				GCC_C_LANGUAGE_STANDARD = gnu11;
				GCC_DYNAMIC_NO_PIC = NO;
				GCC_NO_COMMON_BLOCKS = YES;
				GCC_OPTIMIZATION_LEVEL = 0;
				GCC_PREPROCESSOR_DEFINITIONS = (
					"DEBUG=1",
					"$(inherited)",
				);
				GCC_WARN_64_TO_32_BIT_CONVERSION = YES;
				GCC_WARN_ABOUT_RETURN_TYPE = YES_ERROR;
				GCC_WARN_UNDECLARED_SELECTOR = YES;
				GCC_WARN_UNINITIALIZED_AUTOS = YES_AGGRESSIVE;
				GCC_WARN_UNUSED_FUNCTION = YES;
				GCC_WARN_UNUSED_VARIABLE = YES;
				IPHONEOS_DEPLOYMENT_TARGET = 16.4;
				MTL_ENABLE_DEBUG_INFO = INCLUDE_SOURCE;
				MTL_FAST_MATH = YES;
				ONLY_ACTIVE_ARCH = YES;
				SDKROOT = iphoneos;
				SWIFT_ACTIVE_COMPILATION_CONDITIONS = DEBUG;
				SWIFT_OPTIMIZATION_LEVEL = "-Onone";
			};
			name = Debug;
		};
		95BC4C2B29E3E23300DEB5E3 /* Release */ = {
			isa = XCBuildConfiguration;
			buildSettings = {
				ALWAYS_SEARCH_USER_PATHS = NO;
				CLANG_ANALYZER_NONNULL = YES;
				CLANG_ANALYZER_NUMBER_OBJECT_CONVERSION = YES_AGGRESSIVE;
				CLANG_CXX_LANGUAGE_STANDARD = "gnu++20";
				CLANG_ENABLE_MODULES = YES;
				CLANG_ENABLE_OBJC_ARC = YES;
				CLANG_ENABLE_OBJC_WEAK = YES;
				CLANG_WARN_BLOCK_CAPTURE_AUTORELEASING = YES;
				CLANG_WARN_BOOL_CONVERSION = YES;
				CLANG_WARN_COMMA = YES;
				CLANG_WARN_CONSTANT_CONVERSION = YES;
				CLANG_WARN_DEPRECATED_OBJC_IMPLEMENTATIONS = YES;
				CLANG_WARN_DIRECT_OBJC_ISA_USAGE = YES_ERROR;
				CLANG_WARN_DOCUMENTATION_COMMENTS = YES;
				CLANG_WARN_EMPTY_BODY = YES;
				CLANG_WARN_ENUM_CONVERSION = YES;
				CLANG_WARN_INFINITE_RECURSION = YES;
				CLANG_WARN_INT_CONVERSION = YES;
				CLANG_WARN_NON_LITERAL_NULL_CONVERSION = YES;
				CLANG_WARN_OBJC_IMPLICIT_RETAIN_SELF = YES;
				CLANG_WARN_OBJC_LITERAL_CONVERSION = YES;
				CLANG_WARN_OBJC_ROOT_CLASS = YES_ERROR;
				CLANG_WARN_QUOTED_INCLUDE_IN_FRAMEWORK_HEADER = YES;
				CLANG_WARN_RANGE_LOOP_ANALYSIS = YES;
				CLANG_WARN_STRICT_PROTOTYPES = YES;
				CLANG_WARN_SUSPICIOUS_MOVE = YES;
				CLANG_WARN_UNGUARDED_AVAILABILITY = YES_AGGRESSIVE;
				CLANG_WARN_UNREACHABLE_CODE = YES;
				CLANG_WARN__DUPLICATE_METHOD_MATCH = YES;
				COPY_PHASE_STRIP = NO;
				DEBUG_INFORMATION_FORMAT = "dwarf-with-dsym";
				ENABLE_NS_ASSERTIONS = NO;
				ENABLE_STRICT_OBJC_MSGSEND = YES;
				GCC_C_LANGUAGE_STANDARD = gnu11;
				GCC_NO_COMMON_BLOCKS = YES;
				GCC_WARN_64_TO_32_BIT_CONVERSION = YES;
				GCC_WARN_ABOUT_RETURN_TYPE = YES_ERROR;
				GCC_WARN_UNDECLARED_SELECTOR = YES;
				GCC_WARN_UNINITIALIZED_AUTOS = YES_AGGRESSIVE;
				GCC_WARN_UNUSED_FUNCTION = YES;
				GCC_WARN_UNUSED_VARIABLE = YES;
				IPHONEOS_DEPLOYMENT_TARGET = 16.4;
				MTL_ENABLE_DEBUG_INFO = NO;
				MTL_FAST_MATH = YES;
				SDKROOT = iphoneos;
				SWIFT_COMPILATION_MODE = wholemodule;
				SWIFT_OPTIMIZATION_LEVEL = "-O";
				VALIDATE_PRODUCT = YES;
			};
			name = Release;
		};
		95BC4C2D29E3E23300DEB5E3 /* Debug */ = {
			isa = XCBuildConfiguration;
			buildSettings = {
				ASSETCATALOG_COMPILER_APPICON_NAME = AppIcon;
				ASSETCATALOG_COMPILER_GLOBAL_ACCENT_COLOR_NAME = AccentColor;
				CODE_SIGN_STYLE = Automatic;
				CURRENT_PROJECT_VERSION = 1;
				DEVELOPMENT_ASSET_PATHS = "\"ReadmeExample/Preview Content\"";
				DEVELOPMENT_TEAM = 7F6BJZY5B3;
				ENABLE_PREVIEWS = YES;
				GENERATE_INFOPLIST_FILE = YES;
				INFOPLIST_KEY_UIApplicationSceneManifest_Generation = YES;
				INFOPLIST_KEY_UIApplicationSupportsIndirectInputEvents = YES;
				INFOPLIST_KEY_UILaunchScreen_Generation = YES;
				INFOPLIST_KEY_UISupportedInterfaceOrientations_iPad = "UIInterfaceOrientationPortrait UIInterfaceOrientationPortraitUpsideDown UIInterfaceOrientationLandscapeLeft UIInterfaceOrientationLandscapeRight";
				INFOPLIST_KEY_UISupportedInterfaceOrientations_iPhone = "UIInterfaceOrientationPortrait UIInterfaceOrientationLandscapeLeft UIInterfaceOrientationLandscapeRight";
				LD_RUNPATH_SEARCH_PATHS = (
					"$(inherited)",
					"@executable_path/Frameworks",
				);
				MARKETING_VERSION = 1.0;
				PRODUCT_BUNDLE_IDENTIFIER = com.swiftedMind.puddles.ReadmeExample;
				PRODUCT_NAME = "$(TARGET_NAME)";
				SWIFT_EMIT_LOC_STRINGS = YES;
				SWIFT_VERSION = 5.0;
				TARGETED_DEVICE_FAMILY = "1,2";
			};
			name = Debug;
		};
		95BC4C2E29E3E23300DEB5E3 /* Release */ = {
			isa = XCBuildConfiguration;
			buildSettings = {
				ASSETCATALOG_COMPILER_APPICON_NAME = AppIcon;
				ASSETCATALOG_COMPILER_GLOBAL_ACCENT_COLOR_NAME = AccentColor;
				CODE_SIGN_STYLE = Automatic;
				CURRENT_PROJECT_VERSION = 1;
				DEVELOPMENT_ASSET_PATHS = "\"ReadmeExample/Preview Content\"";
				DEVELOPMENT_TEAM = 7F6BJZY5B3;
				ENABLE_PREVIEWS = YES;
				GENERATE_INFOPLIST_FILE = YES;
				INFOPLIST_KEY_UIApplicationSceneManifest_Generation = YES;
				INFOPLIST_KEY_UIApplicationSupportsIndirectInputEvents = YES;
				INFOPLIST_KEY_UILaunchScreen_Generation = YES;
				INFOPLIST_KEY_UISupportedInterfaceOrientations_iPad = "UIInterfaceOrientationPortrait UIInterfaceOrientationPortraitUpsideDown UIInterfaceOrientationLandscapeLeft UIInterfaceOrientationLandscapeRight";
				INFOPLIST_KEY_UISupportedInterfaceOrientations_iPhone = "UIInterfaceOrientationPortrait UIInterfaceOrientationLandscapeLeft UIInterfaceOrientationLandscapeRight";
				LD_RUNPATH_SEARCH_PATHS = (
					"$(inherited)",
					"@executable_path/Frameworks",
				);
				MARKETING_VERSION = 1.0;
				PRODUCT_BUNDLE_IDENTIFIER = com.swiftedMind.puddles.ReadmeExample;
				PRODUCT_NAME = "$(TARGET_NAME)";
				SWIFT_EMIT_LOC_STRINGS = YES;
				SWIFT_VERSION = 5.0;
				TARGETED_DEVICE_FAMILY = "1,2";
			};
			name = Release;
		};
/* End XCBuildConfiguration section */

/* Begin XCConfigurationList section */
		95BC4C1929E3E23200DEB5E3 /* Build configuration list for PBXProject "ReadmeExample" */ = {
			isa = XCConfigurationList;
			buildConfigurations = (
				95BC4C2A29E3E23300DEB5E3 /* Debug */,
				95BC4C2B29E3E23300DEB5E3 /* Release */,
			);
			defaultConfigurationIsVisible = 0;
			defaultConfigurationName = Release;
		};
		95BC4C2C29E3E23300DEB5E3 /* Build configuration list for PBXNativeTarget "ReadmeExample" */ = {
			isa = XCConfigurationList;
			buildConfigurations = (
				95BC4C2D29E3E23300DEB5E3 /* Debug */,
				95BC4C2E29E3E23300DEB5E3 /* Release */,
			);
			defaultConfigurationIsVisible = 0;
			defaultConfigurationName = Release;
		};
/* End XCConfigurationList section */

/* Begin XCSwiftPackageProductDependency section */
		95BC4C3129E3E25D00DEB5E3 /* PreviewDebugTools */ = {
			isa = XCSwiftPackageProductDependency;
			productName = PreviewDebugTools;
		};
		95BC4C3329E3E25D00DEB5E3 /* Puddles */ = {
			isa = XCSwiftPackageProductDependency;
			productName = Puddles;
		};
/* End XCSwiftPackageProductDependency section */
	};
	rootObject = 95BC4C1629E3E23200DEB5E3 /* Project object */;
}
