// !$*UTF8*$!
{
	archiveVersion = 1;
	classes = {
	};
	objectVersion = 56;
	objects = {

/* Begin PBXBuildFile section */
		953BDAF429748E2C00963197 /* QuizDetail.swift in Sources */ = {isa = PBXBuildFile; fileRef = 953BDAF329748E2C00963197 /* QuizDetail.swift */; };
		953BDAF629748E6000963197 /* QuizDetailView.swift in Sources */ = {isa = PBXBuildFile; fileRef = 953BDAF529748E6000963197 /* QuizDetailView.swift */; };
		953BDB1E29846EFA00963197 /* RootNavigator.swift in Sources */ = {isa = PBXBuildFile; fileRef = 953BDB1D29846EFA00963197 /* RootNavigator.swift */; };
		953BDB2129853A9500963197 /* IdentifiedCollections in Frameworks */ = {isa = PBXBuildFile; productRef = 953BDB2029853A9500963197 /* IdentifiedCollections */; };
		95477DB2298E784400FB7754 /* QuizManager.swift in Sources */ = {isa = PBXBuildFile; fileRef = 95477DB1298E784400FB7754 /* QuizManager.swift */; };
		958AF82B296F232D004F8E61 /* QuizzlesApp.swift in Sources */ = {isa = PBXBuildFile; fileRef = 958AF82A296F232D004F8E61 /* QuizzlesApp.swift */; };
		958AF82F296F232E004F8E61 /* Assets.xcassets in Resources */ = {isa = PBXBuildFile; fileRef = 958AF82E296F232E004F8E61 /* Assets.xcassets */; };
		958AF832296F232E004F8E61 /* Preview Assets.xcassets in Resources */ = {isa = PBXBuildFile; fileRef = 958AF831296F232E004F8E61 /* Preview Assets.xcassets */; };
		958AF83B296F235B004F8E61 /* Puddles in Frameworks */ = {isa = PBXBuildFile; productRef = 958AF83A296F235B004F8E61 /* Puddles */; };
		958AF842296F2409004F8E61 /* Quiz.swift in Sources */ = {isa = PBXBuildFile; fileRef = 958AF841296F2409004F8E61 /* Quiz.swift */; };
		958AF844296F243B004F8E61 /* QuizListProvider.swift in Sources */ = {isa = PBXBuildFile; fileRef = 958AF843296F243B004F8E61 /* QuizListProvider.swift */; };
		958AF846296F24A7004F8E61 /* QuizList.swift in Sources */ = {isa = PBXBuildFile; fileRef = 958AF845296F24A7004F8E61 /* QuizList.swift */; };
		958AF848296F2500004F8E61 /* QuizListView.swift in Sources */ = {isa = PBXBuildFile; fileRef = 958AF847296F2500004F8E61 /* QuizListView.swift */; };
		958AF84B296F27C8004F8E61 /* LoadingState.swift in Sources */ = {isa = PBXBuildFile; fileRef = 958AF84A296F27C8004F8E61 /* LoadingState.swift */; };
		958AF84E296F27E6004F8E61 /* Array+repeating.swift in Sources */ = {isa = PBXBuildFile; fileRef = 958AF84C296F27E6004F8E61 /* Array+repeating.swift */; };
		958AF84F296F27E6004F8E61 /* Faker.swift in Sources */ = {isa = PBXBuildFile; fileRef = 958AF84D296F27E6004F8E61 /* Faker.swift */; };
		958AF852296F27F4004F8E61 /* Fakery in Frameworks */ = {isa = PBXBuildFile; productRef = 958AF851296F27F4004F8E61 /* Fakery */; };
		958AF856296F2F41004F8E61 /* LoadingView.swift in Sources */ = {isa = PBXBuildFile; fileRef = 958AF855296F2F41004F8E61 /* LoadingView.swift */; };
		958AF858296F3256004F8E61 /* PreviewDebugTools in Frameworks */ = {isa = PBXBuildFile; productRef = 958AF857296F3256004F8E61 /* PreviewDebugTools */; };
		958AF85A296F37F6004F8E61 /* QuizCreationSheet.swift in Sources */ = {isa = PBXBuildFile; fileRef = 958AF859296F37F6004F8E61 /* QuizCreationSheet.swift */; };
		958AF85D296F3EE2004F8E61 /* QuizCreationView.swift in Sources */ = {isa = PBXBuildFile; fileRef = 958AF85C296F3EE2004F8E61 /* QuizCreationView.swift */; };
		95B2911329865EE1001CF6B9 /* TesCoordinator.swift in Sources */ = {isa = PBXBuildFile; fileRef = 95B2911229865EE1001CF6B9 /* TesCoordinator.swift */; };
/* End PBXBuildFile section */

/* Begin PBXFileReference section */
		953BDAF329748E2C00963197 /* QuizDetail.swift */ = {isa = PBXFileReference; lastKnownFileType = sourcecode.swift; path = QuizDetail.swift; sourceTree = "<group>"; };
		953BDAF529748E6000963197 /* QuizDetailView.swift */ = {isa = PBXFileReference; lastKnownFileType = sourcecode.swift; path = QuizDetailView.swift; sourceTree = "<group>"; };
		953BDB1D29846EFA00963197 /* RootNavigator.swift */ = {isa = PBXFileReference; lastKnownFileType = sourcecode.swift; path = RootNavigator.swift; sourceTree = "<group>"; };
		95477DB1298E784400FB7754 /* QuizManager.swift */ = {isa = PBXFileReference; lastKnownFileType = sourcecode.swift; path = QuizManager.swift; sourceTree = "<group>"; };
		958AF827296F232D004F8E61 /* Quizzles.app */ = {isa = PBXFileReference; explicitFileType = wrapper.application; includeInIndex = 0; path = Quizzles.app; sourceTree = BUILT_PRODUCTS_DIR; };
		958AF82A296F232D004F8E61 /* QuizzlesApp.swift */ = {isa = PBXFileReference; lastKnownFileType = sourcecode.swift; path = QuizzlesApp.swift; sourceTree = "<group>"; };
		958AF82E296F232E004F8E61 /* Assets.xcassets */ = {isa = PBXFileReference; lastKnownFileType = folder.assetcatalog; path = Assets.xcassets; sourceTree = "<group>"; };
		958AF831296F232E004F8E61 /* Preview Assets.xcassets */ = {isa = PBXFileReference; lastKnownFileType = folder.assetcatalog; path = "Preview Assets.xcassets"; sourceTree = "<group>"; };
		958AF838296F233E004F8E61 /* Puddles */ = {isa = PBXFileReference; lastKnownFileType = wrapper; name = Puddles; path = ../..; sourceTree = "<group>"; };
		958AF841296F2409004F8E61 /* Quiz.swift */ = {isa = PBXFileReference; lastKnownFileType = sourcecode.swift; path = Quiz.swift; sourceTree = "<group>"; };
		958AF843296F243B004F8E61 /* QuizListProvider.swift */ = {isa = PBXFileReference; lastKnownFileType = sourcecode.swift; path = QuizListProvider.swift; sourceTree = "<group>"; };
		958AF845296F24A7004F8E61 /* QuizList.swift */ = {isa = PBXFileReference; lastKnownFileType = sourcecode.swift; path = QuizList.swift; sourceTree = "<group>"; };
		958AF847296F2500004F8E61 /* QuizListView.swift */ = {isa = PBXFileReference; lastKnownFileType = sourcecode.swift; path = QuizListView.swift; sourceTree = "<group>"; };
		958AF84A296F27C8004F8E61 /* LoadingState.swift */ = {isa = PBXFileReference; lastKnownFileType = sourcecode.swift; path = LoadingState.swift; sourceTree = "<group>"; };
		958AF84C296F27E6004F8E61 /* Array+repeating.swift */ = {isa = PBXFileReference; fileEncoding = 4; lastKnownFileType = sourcecode.swift; name = "Array+repeating.swift"; path = "../../../PuddlesExampleiOS/PuddlesExampleiOS/Helper/Array+repeating.swift"; sourceTree = "<group>"; };
		958AF84D296F27E6004F8E61 /* Faker.swift */ = {isa = PBXFileReference; fileEncoding = 4; lastKnownFileType = sourcecode.swift; name = Faker.swift; path = ../../../PuddlesExampleiOS/PuddlesExampleiOS/Helper/Faker.swift; sourceTree = "<group>"; };
		958AF855296F2F41004F8E61 /* LoadingView.swift */ = {isa = PBXFileReference; lastKnownFileType = sourcecode.swift; path = LoadingView.swift; sourceTree = "<group>"; };
		958AF859296F37F6004F8E61 /* QuizCreationSheet.swift */ = {isa = PBXFileReference; lastKnownFileType = sourcecode.swift; path = QuizCreationSheet.swift; sourceTree = "<group>"; };
		958AF85B296F382B004F8E61 /* Info.plist */ = {isa = PBXFileReference; lastKnownFileType = text.plist; path = Info.plist; sourceTree = "<group>"; };
		958AF85C296F3EE2004F8E61 /* QuizCreationView.swift */ = {isa = PBXFileReference; lastKnownFileType = sourcecode.swift; path = QuizCreationView.swift; sourceTree = "<group>"; };
		95B2911229865EE1001CF6B9 /* TesCoordinator.swift */ = {isa = PBXFileReference; lastKnownFileType = sourcecode.swift; path = TesCoordinator.swift; sourceTree = "<group>"; };
/* End PBXFileReference section */

/* Begin PBXFrameworksBuildPhase section */
		958AF824296F232D004F8E61 /* Frameworks */ = {
			isa = PBXFrameworksBuildPhase;
			buildActionMask = 2147483647;
			files = (
				958AF852296F27F4004F8E61 /* Fakery in Frameworks */,
				953BDB2129853A9500963197 /* IdentifiedCollections in Frameworks */,
				958AF858296F3256004F8E61 /* PreviewDebugTools in Frameworks */,
				958AF83B296F235B004F8E61 /* Puddles in Frameworks */,
			);
			runOnlyForDeploymentPostprocessing = 0;
		};
/* End PBXFrameworksBuildPhase section */

/* Begin PBXGroup section */
		95477DB0298E783B00FB7754 /* Managers */ = {
			isa = PBXGroup;
			children = (
				95477DB1298E784400FB7754 /* QuizManager.swift */,
			);
			path = Managers;
			sourceTree = "<group>";
		};
		958AF81E296F232D004F8E61 = {
			isa = PBXGroup;
			children = (
				958AF838296F233E004F8E61 /* Puddles */,
				958AF829296F232D004F8E61 /* Quizzles */,
				958AF828296F232D004F8E61 /* Products */,
				958AF839296F235B004F8E61 /* Frameworks */,
			);
			sourceTree = "<group>";
		};
		958AF828296F232D004F8E61 /* Products */ = {
			isa = PBXGroup;
			children = (
				958AF827296F232D004F8E61 /* Quizzles.app */,
			);
			name = Products;
			sourceTree = "<group>";
		};
		958AF829296F232D004F8E61 /* Quizzles */ = {
			isa = PBXGroup;
			children = (
				958AF85B296F382B004F8E61 /* Info.plist */,
				958AF82A296F232D004F8E61 /* QuizzlesApp.swift */,
				95477DB0298E783B00FB7754 /* Managers */,
				958AF840296F2404004F8E61 /* Models */,
				958AF83E296F23FB004F8E61 /* Coordinators */,
				958AF83F296F2400004F8E61 /* Views */,
				958AF82E296F232E004F8E61 /* Assets.xcassets */,
				958AF849296F27C0004F8E61 /* Helper */,
				958AF830296F232E004F8E61 /* Preview Content */,
			);
			path = Quizzles;
			sourceTree = "<group>";
		};
		958AF830296F232E004F8E61 /* Preview Content */ = {
			isa = PBXGroup;
			children = (
				958AF831296F232E004F8E61 /* Preview Assets.xcassets */,
			);
			path = "Preview Content";
			sourceTree = "<group>";
		};
		958AF839296F235B004F8E61 /* Frameworks */ = {
			isa = PBXGroup;
			children = (
			);
			name = Frameworks;
			sourceTree = "<group>";
		};
		958AF83E296F23FB004F8E61 /* Coordinators */ = {
			isa = PBXGroup;
			children = (
				953BDB1D29846EFA00963197 /* RootNavigator.swift */,
				958AF843296F243B004F8E61 /* QuizListProvider.swift */,
				958AF845296F24A7004F8E61 /* QuizList.swift */,
				953BDAF329748E2C00963197 /* QuizDetail.swift */,
				95B2911229865EE1001CF6B9 /* TesCoordinator.swift */,
				958AF859296F37F6004F8E61 /* QuizCreationSheet.swift */,
			);
			path = Coordinators;
			sourceTree = "<group>";
		};
		958AF83F296F2400004F8E61 /* Views */ = {
			isa = PBXGroup;
			children = (
				958AF854296F2F35004F8E61 /* Shared Components */,
				958AF847296F2500004F8E61 /* QuizListView.swift */,
				953BDAF529748E6000963197 /* QuizDetailView.swift */,
				958AF85C296F3EE2004F8E61 /* QuizCreationView.swift */,
			);
			path = Views;
			sourceTree = "<group>";
		};
		958AF840296F2404004F8E61 /* Models */ = {
			isa = PBXGroup;
			children = (
				958AF841296F2409004F8E61 /* Quiz.swift */,
			);
			path = Models;
			sourceTree = "<group>";
		};
		958AF849296F27C0004F8E61 /* Helper */ = {
			isa = PBXGroup;
			children = (
				958AF84A296F27C8004F8E61 /* LoadingState.swift */,
				958AF84C296F27E6004F8E61 /* Array+repeating.swift */,
				958AF84D296F27E6004F8E61 /* Faker.swift */,
			);
			path = Helper;
			sourceTree = "<group>";
		};
		958AF854296F2F35004F8E61 /* Shared Components */ = {
			isa = PBXGroup;
			children = (
				958AF855296F2F41004F8E61 /* LoadingView.swift */,
			);
			path = "Shared Components";
			sourceTree = "<group>";
		};
/* End PBXGroup section */

/* Begin PBXNativeTarget section */
		958AF826296F232D004F8E61 /* Quizzles */ = {
			isa = PBXNativeTarget;
			buildConfigurationList = 958AF835296F232E004F8E61 /* Build configuration list for PBXNativeTarget "Quizzles" */;
			buildPhases = (
				958AF823296F232D004F8E61 /* Sources */,
				958AF824296F232D004F8E61 /* Frameworks */,
				958AF825296F232D004F8E61 /* Resources */,
			);
			buildRules = (
			);
			dependencies = (
			);
			name = Quizzles;
			packageProductDependencies = (
				958AF83A296F235B004F8E61 /* Puddles */,
				958AF851296F27F4004F8E61 /* Fakery */,
				958AF857296F3256004F8E61 /* PreviewDebugTools */,
				953BDB2029853A9500963197 /* IdentifiedCollections */,
			);
			productName = Quizzles;
			productReference = 958AF827296F232D004F8E61 /* Quizzles.app */;
			productType = "com.apple.product-type.application";
		};
/* End PBXNativeTarget section */

/* Begin PBXProject section */
		958AF81F296F232D004F8E61 /* Project object */ = {
			isa = PBXProject;
			attributes = {
				BuildIndependentTargetsInParallel = 1;
				LastSwiftUpdateCheck = 1420;
				LastUpgradeCheck = 1420;
				TargetAttributes = {
					958AF826296F232D004F8E61 = {
						CreatedOnToolsVersion = 14.2;
					};
				};
			};
			buildConfigurationList = 958AF822296F232D004F8E61 /* Build configuration list for PBXProject "Quizzles" */;
			compatibilityVersion = "Xcode 14.0";
			developmentRegion = en;
			hasScannedForEncodings = 0;
			knownRegions = (
				en,
				Base,
			);
			mainGroup = 958AF81E296F232D004F8E61;
			packageReferences = (
				958AF850296F27F4004F8E61 /* XCRemoteSwiftPackageReference "Fakery" */,
				953BDB1F29853A9500963197 /* XCRemoteSwiftPackageReference "swift-identified-collections" */,
			);
			productRefGroup = 958AF828296F232D004F8E61 /* Products */;
			projectDirPath = "";
			projectRoot = "";
			targets = (
				958AF826296F232D004F8E61 /* Quizzles */,
			);
		};
/* End PBXProject section */

/* Begin PBXResourcesBuildPhase section */
		958AF825296F232D004F8E61 /* Resources */ = {
			isa = PBXResourcesBuildPhase;
			buildActionMask = 2147483647;
			files = (
				958AF832296F232E004F8E61 /* Preview Assets.xcassets in Resources */,
				958AF82F296F232E004F8E61 /* Assets.xcassets in Resources */,
			);
			runOnlyForDeploymentPostprocessing = 0;
		};
/* End PBXResourcesBuildPhase section */

/* Begin PBXSourcesBuildPhase section */
		958AF823296F232D004F8E61 /* Sources */ = {
			isa = PBXSourcesBuildPhase;
			buildActionMask = 2147483647;
			files = (
				95477DB2298E784400FB7754 /* QuizManager.swift in Sources */,
				958AF84B296F27C8004F8E61 /* LoadingState.swift in Sources */,
				958AF844296F243B004F8E61 /* QuizListProvider.swift in Sources */,
				958AF82B296F232D004F8E61 /* QuizzlesApp.swift in Sources */,
				953BDB1E29846EFA00963197 /* RootNavigator.swift in Sources */,
				953BDAF629748E6000963197 /* QuizDetailView.swift in Sources */,
				958AF85A296F37F6004F8E61 /* QuizCreationSheet.swift in Sources */,
				958AF848296F2500004F8E61 /* QuizListView.swift in Sources */,
				958AF846296F24A7004F8E61 /* QuizList.swift in Sources */,
				958AF84E296F27E6004F8E61 /* Array+repeating.swift in Sources */,
				958AF842296F2409004F8E61 /* Quiz.swift in Sources */,
				95B2911329865EE1001CF6B9 /* TesCoordinator.swift in Sources */,
				958AF84F296F27E6004F8E61 /* Faker.swift in Sources */,
				958AF85D296F3EE2004F8E61 /* QuizCreationView.swift in Sources */,
				958AF856296F2F41004F8E61 /* LoadingView.swift in Sources */,
				953BDAF429748E2C00963197 /* QuizDetail.swift in Sources */,
			);
			runOnlyForDeploymentPostprocessing = 0;
		};
/* End PBXSourcesBuildPhase section */

/* Begin XCBuildConfiguration section */
		958AF833296F232E004F8E61 /* Debug */ = {
			isa = XCBuildConfiguration;
			buildSettings = {
				ALWAYS_SEARCH_USER_PATHS = NO;
				CLANG_ANALYZER_NONNULL = YES;
				CLANG_ANALYZER_NUMBER_OBJECT_CONVERSION = YES_AGGRESSIVE;
				CLANG_CXX_LANGUAGE_STANDARD = "gnu++20";
				CLANG_ENABLE_MODULES = YES;
				CLANG_ENABLE_OBJC_ARC = YES;
				CLANG_ENABLE_OBJC_WEAK = YES;
				CLANG_WARN_BLOCK_CAPTURE_AUTORELEASING = YES;
				CLANG_WARN_BOOL_CONVERSION = YES;
				CLANG_WARN_COMMA = YES;
				CLANG_WARN_CONSTANT_CONVERSION = YES;
				CLANG_WARN_DEPRECATED_OBJC_IMPLEMENTATIONS = YES;
				CLANG_WARN_DIRECT_OBJC_ISA_USAGE = YES_ERROR;
				CLANG_WARN_DOCUMENTATION_COMMENTS = YES;
				CLANG_WARN_EMPTY_BODY = YES;
				CLANG_WARN_ENUM_CONVERSION = YES;
				CLANG_WARN_INFINITE_RECURSION = YES;
				CLANG_WARN_INT_CONVERSION = YES;
				CLANG_WARN_NON_LITERAL_NULL_CONVERSION = YES;
				CLANG_WARN_OBJC_IMPLICIT_RETAIN_SELF = YES;
				CLANG_WARN_OBJC_LITERAL_CONVERSION = YES;
				CLANG_WARN_OBJC_ROOT_CLASS = YES_ERROR;
				CLANG_WARN_QUOTED_INCLUDE_IN_FRAMEWORK_HEADER = YES;
				CLANG_WARN_RANGE_LOOP_ANALYSIS = YES;
				CLANG_WARN_STRICT_PROTOTYPES = YES;
				CLANG_WARN_SUSPICIOUS_MOVE = YES;
				CLANG_WARN_UNGUARDED_AVAILABILITY = YES_AGGRESSIVE;
				CLANG_WARN_UNREACHABLE_CODE = YES;
				CLANG_WARN__DUPLICATE_METHOD_MATCH = YES;
				COPY_PHASE_STRIP = NO;
				DEBUG_INFORMATION_FORMAT = dwarf;
				ENABLE_STRICT_OBJC_MSGSEND = YES;
				ENABLE_TESTABILITY = YES;
				GCC_C_LANGUAGE_STANDARD = gnu11;
				GCC_DYNAMIC_NO_PIC = NO;
				GCC_NO_COMMON_BLOCKS = YES;
				GCC_OPTIMIZATION_LEVEL = 0;
				GCC_PREPROCESSOR_DEFINITIONS = (
					"DEBUG=1",
					"$(inherited)",
				);
				GCC_WARN_64_TO_32_BIT_CONVERSION = YES;
				GCC_WARN_ABOUT_RETURN_TYPE = YES_ERROR;
				GCC_WARN_UNDECLARED_SELECTOR = YES;
				GCC_WARN_UNINITIALIZED_AUTOS = YES_AGGRESSIVE;
				GCC_WARN_UNUSED_FUNCTION = YES;
				GCC_WARN_UNUSED_VARIABLE = YES;
				IPHONEOS_DEPLOYMENT_TARGET = 16.2;
				MTL_ENABLE_DEBUG_INFO = INCLUDE_SOURCE;
				MTL_FAST_MATH = YES;
				ONLY_ACTIVE_ARCH = YES;
				SDKROOT = iphoneos;
				SWIFT_ACTIVE_COMPILATION_CONDITIONS = DEBUG;
				SWIFT_OPTIMIZATION_LEVEL = "-Onone";
			};
			name = Debug;
		};
		958AF834296F232E004F8E61 /* Release */ = {
			isa = XCBuildConfiguration;
			buildSettings = {
				ALWAYS_SEARCH_USER_PATHS = NO;
				CLANG_ANALYZER_NONNULL = YES;
				CLANG_ANALYZER_NUMBER_OBJECT_CONVERSION = YES_AGGRESSIVE;
				CLANG_CXX_LANGUAGE_STANDARD = "gnu++20";
				CLANG_ENABLE_MODULES = YES;
				CLANG_ENABLE_OBJC_ARC = YES;
				CLANG_ENABLE_OBJC_WEAK = YES;
				CLANG_WARN_BLOCK_CAPTURE_AUTORELEASING = YES;
				CLANG_WARN_BOOL_CONVERSION = YES;
				CLANG_WARN_COMMA = YES;
				CLANG_WARN_CONSTANT_CONVERSION = YES;
				CLANG_WARN_DEPRECATED_OBJC_IMPLEMENTATIONS = YES;
				CLANG_WARN_DIRECT_OBJC_ISA_USAGE = YES_ERROR;
				CLANG_WARN_DOCUMENTATION_COMMENTS = YES;
				CLANG_WARN_EMPTY_BODY = YES;
				CLANG_WARN_ENUM_CONVERSION = YES;
				CLANG_WARN_INFINITE_RECURSION = YES;
				CLANG_WARN_INT_CONVERSION = YES;
				CLANG_WARN_NON_LITERAL_NULL_CONVERSION = YES;
				CLANG_WARN_OBJC_IMPLICIT_RETAIN_SELF = YES;
				CLANG_WARN_OBJC_LITERAL_CONVERSION = YES;
				CLANG_WARN_OBJC_ROOT_CLASS = YES_ERROR;
				CLANG_WARN_QUOTED_INCLUDE_IN_FRAMEWORK_HEADER = YES;
				CLANG_WARN_RANGE_LOOP_ANALYSIS = YES;
				CLANG_WARN_STRICT_PROTOTYPES = YES;
				CLANG_WARN_SUSPICIOUS_MOVE = YES;
				CLANG_WARN_UNGUARDED_AVAILABILITY = YES_AGGRESSIVE;
				CLANG_WARN_UNREACHABLE_CODE = YES;
				CLANG_WARN__DUPLICATE_METHOD_MATCH = YES;
				COPY_PHASE_STRIP = NO;
				DEBUG_INFORMATION_FORMAT = "dwarf-with-dsym";
				ENABLE_NS_ASSERTIONS = NO;
				ENABLE_STRICT_OBJC_MSGSEND = YES;
				GCC_C_LANGUAGE_STANDARD = gnu11;
				GCC_NO_COMMON_BLOCKS = YES;
				GCC_WARN_64_TO_32_BIT_CONVERSION = YES;
				GCC_WARN_ABOUT_RETURN_TYPE = YES_ERROR;
				GCC_WARN_UNDECLARED_SELECTOR = YES;
				GCC_WARN_UNINITIALIZED_AUTOS = YES_AGGRESSIVE;
				GCC_WARN_UNUSED_FUNCTION = YES;
				GCC_WARN_UNUSED_VARIABLE = YES;
				IPHONEOS_DEPLOYMENT_TARGET = 16.2;
				MTL_ENABLE_DEBUG_INFO = NO;
				MTL_FAST_MATH = YES;
				SDKROOT = iphoneos;
				SWIFT_COMPILATION_MODE = wholemodule;
				SWIFT_OPTIMIZATION_LEVEL = "-O";
				VALIDATE_PRODUCT = YES;
			};
			name = Release;
		};
		958AF836296F232E004F8E61 /* Debug */ = {
			isa = XCBuildConfiguration;
			buildSettings = {
				ASSETCATALOG_COMPILER_APPICON_NAME = AppIcon;
				ASSETCATALOG_COMPILER_GLOBAL_ACCENT_COLOR_NAME = AccentColor;
				CODE_SIGN_STYLE = Automatic;
				CURRENT_PROJECT_VERSION = 1;
				DEVELOPMENT_ASSET_PATHS = "\"Quizzles/Preview Content\"";
				DEVELOPMENT_TEAM = 7F6BJZY5B3;
				ENABLE_PREVIEWS = YES;
				GENERATE_INFOPLIST_FILE = YES;
				INFOPLIST_FILE = Quizzles/Info.plist;
				INFOPLIST_KEY_UIApplicationSceneManifest_Generation = YES;
				INFOPLIST_KEY_UIApplicationSupportsIndirectInputEvents = YES;
				INFOPLIST_KEY_UILaunchScreen_Generation = YES;
				INFOPLIST_KEY_UISupportedInterfaceOrientations_iPad = "UIInterfaceOrientationPortrait UIInterfaceOrientationPortraitUpsideDown UIInterfaceOrientationLandscapeLeft UIInterfaceOrientationLandscapeRight";
				INFOPLIST_KEY_UISupportedInterfaceOrientations_iPhone = "UIInterfaceOrientationPortrait UIInterfaceOrientationLandscapeLeft UIInterfaceOrientationLandscapeRight";
				LD_RUNPATH_SEARCH_PATHS = (
					"$(inherited)",
					"@executable_path/Frameworks",
				);
				MARKETING_VERSION = 1.0;
				PRODUCT_BUNDLE_IDENTIFIER = com.swiftedmind.puddles.Quizzles;
				PRODUCT_NAME = "$(TARGET_NAME)";
				SWIFT_EMIT_LOC_STRINGS = YES;
				SWIFT_STRICT_CONCURRENCY = complete;
				SWIFT_VERSION = 5.0;
				TARGETED_DEVICE_FAMILY = "1,2";
			};
			name = Debug;
		};
		958AF837296F232E004F8E61 /* Release */ = {
			isa = XCBuildConfiguration;
			buildSettings = {
				ASSETCATALOG_COMPILER_APPICON_NAME = AppIcon;
				ASSETCATALOG_COMPILER_GLOBAL_ACCENT_COLOR_NAME = AccentColor;
				CODE_SIGN_STYLE = Automatic;
				CURRENT_PROJECT_VERSION = 1;
				DEVELOPMENT_ASSET_PATHS = "\"Quizzles/Preview Content\"";
				DEVELOPMENT_TEAM = 7F6BJZY5B3;
				ENABLE_PREVIEWS = YES;
				GENERATE_INFOPLIST_FILE = YES;
				INFOPLIST_FILE = Quizzles/Info.plist;
				INFOPLIST_KEY_UIApplicationSceneManifest_Generation = YES;
				INFOPLIST_KEY_UIApplicationSupportsIndirectInputEvents = YES;
				INFOPLIST_KEY_UILaunchScreen_Generation = YES;
				INFOPLIST_KEY_UISupportedInterfaceOrientations_iPad = "UIInterfaceOrientationPortrait UIInterfaceOrientationPortraitUpsideDown UIInterfaceOrientationLandscapeLeft UIInterfaceOrientationLandscapeRight";
				INFOPLIST_KEY_UISupportedInterfaceOrientations_iPhone = "UIInterfaceOrientationPortrait UIInterfaceOrientationLandscapeLeft UIInterfaceOrientationLandscapeRight";
				LD_RUNPATH_SEARCH_PATHS = (
					"$(inherited)",
					"@executable_path/Frameworks",
				);
				MARKETING_VERSION = 1.0;
				PRODUCT_BUNDLE_IDENTIFIER = com.swiftedmind.puddles.Quizzles;
				PRODUCT_NAME = "$(TARGET_NAME)";
				SWIFT_EMIT_LOC_STRINGS = YES;
				SWIFT_STRICT_CONCURRENCY = complete;
				SWIFT_VERSION = 5.0;
				TARGETED_DEVICE_FAMILY = "1,2";
			};
			name = Release;
		};
/* End XCBuildConfiguration section */

/* Begin XCConfigurationList section */
		958AF822296F232D004F8E61 /* Build configuration list for PBXProject "Quizzles" */ = {
			isa = XCConfigurationList;
			buildConfigurations = (
				958AF833296F232E004F8E61 /* Debug */,
				958AF834296F232E004F8E61 /* Release */,
			);
			defaultConfigurationIsVisible = 0;
			defaultConfigurationName = Release;
		};
		958AF835296F232E004F8E61 /* Build configuration list for PBXNativeTarget "Quizzles" */ = {
			isa = XCConfigurationList;
			buildConfigurations = (
				958AF836296F232E004F8E61 /* Debug */,
				958AF837296F232E004F8E61 /* Release */,
			);
			defaultConfigurationIsVisible = 0;
			defaultConfigurationName = Release;
		};
/* End XCConfigurationList section */

/* Begin XCRemoteSwiftPackageReference section */
		953BDB1F29853A9500963197 /* XCRemoteSwiftPackageReference "swift-identified-collections" */ = {
			isa = XCRemoteSwiftPackageReference;
			repositoryURL = "https://github.com/pointfreeco/swift-identified-collections";
			requirement = {
				kind = upToNextMajorVersion;
				minimumVersion = 0.6.0;
			};
		};
		958AF850296F27F4004F8E61 /* XCRemoteSwiftPackageReference "Fakery" */ = {
			isa = XCRemoteSwiftPackageReference;
			repositoryURL = "https://github.com/vadymmarkov/Fakery";
			requirement = {
				branch = master;
				kind = branch;
			};
		};
/* End XCRemoteSwiftPackageReference section */

/* Begin XCSwiftPackageProductDependency section */
		953BDB2029853A9500963197 /* IdentifiedCollections */ = {
			isa = XCSwiftPackageProductDependency;
			package = 953BDB1F29853A9500963197 /* XCRemoteSwiftPackageReference "swift-identified-collections" */;
			productName = IdentifiedCollections;
		};
		958AF83A296F235B004F8E61 /* Puddles */ = {
			isa = XCSwiftPackageProductDependency;
			productName = Puddles;
		};
		958AF851296F27F4004F8E61 /* Fakery */ = {
			isa = XCSwiftPackageProductDependency;
			package = 958AF850296F27F4004F8E61 /* XCRemoteSwiftPackageReference "Fakery" */;
			productName = Fakery;
		};
		958AF857296F3256004F8E61 /* PreviewDebugTools */ = {
			isa = XCSwiftPackageProductDependency;
			productName = PreviewDebugTools;
		};
/* End XCSwiftPackageProductDependency section */
	};
	rootObject = 958AF81F296F232D004F8E61 /* Project object */;
}
