// !$*UTF8*$!
{
	archiveVersion = 1;
	classes = {
	};
	objectVersion = 56;
	objects = {

/* Begin PBXBuildFile section */
		9531A73629681866009D7688 /* ExampleApp.swift in Sources */ = {isa = PBXBuildFile; fileRef = 9531A73529681866009D7688 /* ExampleApp.swift */; };
		9531A73A29681866009D7688 /* Assets.xcassets in Resources */ = {isa = PBXBuildFile; fileRef = 9531A73929681866009D7688 /* Assets.xcassets */; };
		9531A73D29681866009D7688 /* Preview Assets.xcassets in Resources */ = {isa = PBXBuildFile; fileRef = 9531A73C29681866009D7688 /* Preview Assets.xcassets */; };
		9531A746296818AE009D7688 /* Puddles in Frameworks */ = {isa = PBXBuildFile; productRef = 9531A745296818AE009D7688 /* Puddles */; };
		9594A766296819B700063CE7 /* Root.swift in Sources */ = {isa = PBXBuildFile; fileRef = 9594A765296819B700063CE7 /* Root.swift */; };
		9594A76829681A2300063CE7 /* Home.swift in Sources */ = {isa = PBXBuildFile; fileRef = 9594A76729681A2300063CE7 /* Home.swift */; };
		9594A76C29681AA500063CE7 /* HomeView.swift in Sources */ = {isa = PBXBuildFile; fileRef = 9594A76B29681AA500063CE7 /* HomeView.swift */; };
		9594A7772968A3C400063CE7 /* EventService.swift in Sources */ = {isa = PBXBuildFile; fileRef = 9594A7762968A3C400063CE7 /* EventService.swift */; };
		9594A77A2968B41B00063CE7 /* Event.swift in Sources */ = {isa = PBXBuildFile; fileRef = 9594A7792968B41B00063CE7 /* Event.swift */; };
		9594A77D2968BE9B00063CE7 /* Fakery in Frameworks */ = {isa = PBXBuildFile; productRef = 9594A77C2968BE9B00063CE7 /* Fakery */; };
		9594A77F2968BEC700063CE7 /* Faker.swift in Sources */ = {isa = PBXBuildFile; fileRef = 9594A77E2968BEC700063CE7 /* Faker.swift */; };
		9594A7822968BF1D00063CE7 /* Array+repeating.swift in Sources */ = {isa = PBXBuildFile; fileRef = 9594A7812968BF1D00063CE7 /* Array+repeating.swift */; };
		9594A7842968BFE900063CE7 /* Services.swift in Sources */ = {isa = PBXBuildFile; fileRef = 9594A7832968BFE900063CE7 /* Services.swift */; };
		9594A7862968C3B900063CE7 /* LoadingState.swift in Sources */ = {isa = PBXBuildFile; fileRef = 9594A7852968C3B900063CE7 /* LoadingState.swift */; };
		9594A7892969750400063CE7 /* AsyncAlgorithms in Frameworks */ = {isa = PBXBuildFile; productRef = 9594A7882969750400063CE7 /* AsyncAlgorithms */; };
/* End PBXBuildFile section */

/* Begin PBXFileReference section */
		9531A73229681866009D7688 /* PuddlesExampleiOS.app */ = {isa = PBXFileReference; explicitFileType = wrapper.application; includeInIndex = 0; path = PuddlesExampleiOS.app; sourceTree = BUILT_PRODUCTS_DIR; };
		9531A73529681866009D7688 /* ExampleApp.swift */ = {isa = PBXFileReference; lastKnownFileType = sourcecode.swift; path = ExampleApp.swift; sourceTree = "<group>"; };
		9531A73929681866009D7688 /* Assets.xcassets */ = {isa = PBXFileReference; lastKnownFileType = folder.assetcatalog; path = Assets.xcassets; sourceTree = "<group>"; };
		9531A73C29681866009D7688 /* Preview Assets.xcassets */ = {isa = PBXFileReference; lastKnownFileType = folder.assetcatalog; path = "Preview Assets.xcassets"; sourceTree = "<group>"; };
		9531A74329681889009D7688 /* Puddles */ = {isa = PBXFileReference; lastKnownFileType = wrapper; name = Puddles; path = ../..; sourceTree = "<group>"; };
		9594A765296819B700063CE7 /* Root.swift */ = {isa = PBXFileReference; lastKnownFileType = sourcecode.swift; path = Root.swift; sourceTree = "<group>"; };
		9594A76729681A2300063CE7 /* Home.swift */ = {isa = PBXFileReference; lastKnownFileType = sourcecode.swift; path = Home.swift; sourceTree = "<group>"; };
		9594A76B29681AA500063CE7 /* HomeView.swift */ = {isa = PBXFileReference; lastKnownFileType = sourcecode.swift; path = HomeView.swift; sourceTree = "<group>"; };
		9594A7762968A3C400063CE7 /* EventService.swift */ = {isa = PBXFileReference; lastKnownFileType = sourcecode.swift; path = EventService.swift; sourceTree = "<group>"; };
		9594A7792968B41B00063CE7 /* Event.swift */ = {isa = PBXFileReference; lastKnownFileType = sourcecode.swift; path = Event.swift; sourceTree = "<group>"; };
		9594A77E2968BEC700063CE7 /* Faker.swift */ = {isa = PBXFileReference; lastKnownFileType = sourcecode.swift; path = Faker.swift; sourceTree = "<group>"; };
		9594A7812968BF1D00063CE7 /* Array+repeating.swift */ = {isa = PBXFileReference; lastKnownFileType = sourcecode.swift; path = "Array+repeating.swift"; sourceTree = "<group>"; };
		9594A7832968BFE900063CE7 /* Services.swift */ = {isa = PBXFileReference; lastKnownFileType = sourcecode.swift; path = Services.swift; sourceTree = "<group>"; };
		9594A7852968C3B900063CE7 /* LoadingState.swift */ = {isa = PBXFileReference; lastKnownFileType = sourcecode.swift; path = LoadingState.swift; sourceTree = "<group>"; };
/* End PBXFileReference section */

/* Begin PBXFrameworksBuildPhase section */
		9531A72F29681866009D7688 /* Frameworks */ = {
			isa = PBXFrameworksBuildPhase;
			buildActionMask = 2147483647;
			files = (
				9594A77D2968BE9B00063CE7 /* Fakery in Frameworks */,
				9531A746296818AE009D7688 /* Puddles in Frameworks */,
				9594A7892969750400063CE7 /* AsyncAlgorithms in Frameworks */,
			);
			runOnlyForDeploymentPostprocessing = 0;
		};
/* End PBXFrameworksBuildPhase section */

/* Begin PBXGroup section */
		9531A72929681865009D7688 = {
			isa = PBXGroup;
			children = (
				9531A74329681889009D7688 /* Puddles */,
				9531A73429681866009D7688 /* PuddlesExampleiOS */,
				9531A73329681866009D7688 /* Products */,
				9531A744296818AE009D7688 /* Frameworks */,
			);
			sourceTree = "<group>";
		};
		9531A73329681866009D7688 /* Products */ = {
			isa = PBXGroup;
			children = (
				9531A73229681866009D7688 /* PuddlesExampleiOS.app */,
			);
			name = Products;
			sourceTree = "<group>";
		};
		9531A73429681866009D7688 /* PuddlesExampleiOS */ = {
			isa = PBXGroup;
			children = (
				9531A73529681866009D7688 /* ExampleApp.swift */,
				9594A7802968BF1100063CE7 /* Helper */,
				9594A7782968B3D100063CE7 /* Models */,
				9594A7752968A2F200063CE7 /* Services */,
				9594A764296819A900063CE7 /* Coordinators */,
				9594A76A29681A8400063CE7 /* Share Components */,
				9594A76929681A7E00063CE7 /* Views */,
				9531A73929681866009D7688 /* Assets.xcassets */,
				9531A73B29681866009D7688 /* Preview Content */,
			);
			path = PuddlesExampleiOS;
			sourceTree = "<group>";
		};
		9531A73B29681866009D7688 /* Preview Content */ = {
			isa = PBXGroup;
			children = (
				9531A73C29681866009D7688 /* Preview Assets.xcassets */,
			);
			path = "Preview Content";
			sourceTree = "<group>";
		};
		9531A744296818AE009D7688 /* Frameworks */ = {
			isa = PBXGroup;
			children = (
			);
			name = Frameworks;
			sourceTree = "<group>";
		};
		9594A764296819A900063CE7 /* Coordinators */ = {
			isa = PBXGroup;
			children = (
				9594A765296819B700063CE7 /* Root.swift */,
				9594A76729681A2300063CE7 /* Home.swift */,
			);
			path = Coordinators;
			sourceTree = "<group>";
		};
		9594A76929681A7E00063CE7 /* Views */ = {
			isa = PBXGroup;
			children = (
				9594A76B29681AA500063CE7 /* HomeView.swift */,
			);
			path = Views;
			sourceTree = "<group>";
		};
		9594A76A29681A8400063CE7 /* Share Components */ = {
			isa = PBXGroup;
			children = (
			);
			path = "Share Components";
			sourceTree = "<group>";
		};
		9594A7752968A2F200063CE7 /* Services */ = {
			isa = PBXGroup;
			children = (
				9594A7832968BFE900063CE7 /* Services.swift */,
				9594A7762968A3C400063CE7 /* EventService.swift */,
			);
			path = Services;
			sourceTree = "<group>";
		};
		9594A7782968B3D100063CE7 /* Models */ = {
			isa = PBXGroup;
			children = (
				9594A7792968B41B00063CE7 /* Event.swift */,
			);
			path = Models;
			sourceTree = "<group>";
		};
		9594A7802968BF1100063CE7 /* Helper */ = {
			isa = PBXGroup;
			children = (
				9594A77E2968BEC700063CE7 /* Faker.swift */,
				9594A7812968BF1D00063CE7 /* Array+repeating.swift */,
				9594A7852968C3B900063CE7 /* LoadingState.swift */,
			);
			path = Helper;
			sourceTree = "<group>";
		};
/* End PBXGroup section */

/* Begin PBXNativeTarget section */
		9531A73129681866009D7688 /* PuddlesExampleiOS */ = {
			isa = PBXNativeTarget;
			buildConfigurationList = 9531A74029681866009D7688 /* Build configuration list for PBXNativeTarget "PuddlesExampleiOS" */;
			buildPhases = (
				9531A72E29681866009D7688 /* Sources */,
				9531A72F29681866009D7688 /* Frameworks */,
				9531A73029681866009D7688 /* Resources */,
			);
			buildRules = (
			);
			dependencies = (
			);
			name = PuddlesExampleiOS;
			packageProductDependencies = (
				9531A745296818AE009D7688 /* Puddles */,
				9594A77C2968BE9B00063CE7 /* Fakery */,
				9594A7882969750400063CE7 /* AsyncAlgorithms */,
			);
			productName = PuddlesExampleiOS;
			productReference = 9531A73229681866009D7688 /* PuddlesExampleiOS.app */;
			productType = "com.apple.product-type.application";
		};
/* End PBXNativeTarget section */

/* Begin PBXProject section */
		9531A72A29681865009D7688 /* Project object */ = {
			isa = PBXProject;
			attributes = {
				BuildIndependentTargetsInParallel = 1;
				LastSwiftUpdateCheck = 1420;
				LastUpgradeCheck = 1420;
				TargetAttributes = {
					9531A73129681866009D7688 = {
						CreatedOnToolsVersion = 14.2;
					};
				};
			};
			buildConfigurationList = 9531A72D29681865009D7688 /* Build configuration list for PBXProject "PuddlesExampleiOS" */;
			compatibilityVersion = "Xcode 14.0";
			developmentRegion = en;
			hasScannedForEncodings = 0;
			knownRegions = (
				en,
				Base,
			);
			mainGroup = 9531A72929681865009D7688;
			packageReferences = (
				9594A77B2968BE9B00063CE7 /* XCRemoteSwiftPackageReference "Fakery" */,
				9594A7872969750400063CE7 /* XCRemoteSwiftPackageReference "swift-async-algorithms" */,
			);
			productRefGroup = 9531A73329681866009D7688 /* Products */;
			projectDirPath = "";
			projectRoot = "";
			targets = (
				9531A73129681866009D7688 /* PuddlesExampleiOS */,
			);
		};
/* End PBXProject section */

/* Begin PBXResourcesBuildPhase section */
		9531A73029681866009D7688 /* Resources */ = {
			isa = PBXResourcesBuildPhase;
			buildActionMask = 2147483647;
			files = (
				9531A73D29681866009D7688 /* Preview Assets.xcassets in Resources */,
				9531A73A29681866009D7688 /* Assets.xcassets in Resources */,
			);
			runOnlyForDeploymentPostprocessing = 0;
		};
/* End PBXResourcesBuildPhase section */

/* Begin PBXSourcesBuildPhase section */
		9531A72E29681866009D7688 /* Sources */ = {
			isa = PBXSourcesBuildPhase;
			buildActionMask = 2147483647;
			files = (
				9531A73629681866009D7688 /* ExampleApp.swift in Sources */,
				9594A76829681A2300063CE7 /* Home.swift in Sources */,
				9594A76C29681AA500063CE7 /* HomeView.swift in Sources */,
				9594A766296819B700063CE7 /* Root.swift in Sources */,
				9594A7862968C3B900063CE7 /* LoadingState.swift in Sources */,
				9594A7842968BFE900063CE7 /* Services.swift in Sources */,
				9594A77A2968B41B00063CE7 /* Event.swift in Sources */,
				9594A7772968A3C400063CE7 /* EventService.swift in Sources */,
				9594A7822968BF1D00063CE7 /* Array+repeating.swift in Sources */,
				9594A77F2968BEC700063CE7 /* Faker.swift in Sources */,
			);
			runOnlyForDeploymentPostprocessing = 0;
		};
/* End PBXSourcesBuildPhase section */

/* Begin XCBuildConfiguration section */
		9531A73E29681866009D7688 /* Debug */ = {
			isa = XCBuildConfiguration;
			buildSettings = {
				ALWAYS_SEARCH_USER_PATHS = NO;
				CLANG_ANALYZER_NONNULL = YES;
				CLANG_ANALYZER_NUMBER_OBJECT_CONVERSION = YES_AGGRESSIVE;
				CLANG_CXX_LANGUAGE_STANDARD = "gnu++20";
				CLANG_ENABLE_MODULES = YES;
				CLANG_ENABLE_OBJC_ARC = YES;
				CLANG_ENABLE_OBJC_WEAK = YES;
				CLANG_WARN_BLOCK_CAPTURE_AUTORELEASING = YES;
				CLANG_WARN_BOOL_CONVERSION = YES;
				CLANG_WARN_COMMA = YES;
				CLANG_WARN_CONSTANT_CONVERSION = YES;
				CLANG_WARN_DEPRECATED_OBJC_IMPLEMENTATIONS = YES;
				CLANG_WARN_DIRECT_OBJC_ISA_USAGE = YES_ERROR;
				CLANG_WARN_DOCUMENTATION_COMMENTS = YES;
				CLANG_WARN_EMPTY_BODY = YES;
				CLANG_WARN_ENUM_CONVERSION = YES;
				CLANG_WARN_INFINITE_RECURSION = YES;
				CLANG_WARN_INT_CONVERSION = YES;
				CLANG_WARN_NON_LITERAL_NULL_CONVERSION = YES;
				CLANG_WARN_OBJC_IMPLICIT_RETAIN_SELF = YES;
				CLANG_WARN_OBJC_LITERAL_CONVERSION = YES;
				CLANG_WARN_OBJC_ROOT_CLASS = YES_ERROR;
				CLANG_WARN_QUOTED_INCLUDE_IN_FRAMEWORK_HEADER = YES;
				CLANG_WARN_RANGE_LOOP_ANALYSIS = YES;
				CLANG_WARN_STRICT_PROTOTYPES = YES;
				CLANG_WARN_SUSPICIOUS_MOVE = YES;
				CLANG_WARN_UNGUARDED_AVAILABILITY = YES_AGGRESSIVE;
				CLANG_WARN_UNREACHABLE_CODE = YES;
				CLANG_WARN__DUPLICATE_METHOD_MATCH = YES;
				COPY_PHASE_STRIP = NO;
				DEBUG_INFORMATION_FORMAT = dwarf;
				ENABLE_STRICT_OBJC_MSGSEND = YES;
				ENABLE_TESTABILITY = YES;
				GCC_C_LANGUAGE_STANDARD = gnu11;
				GCC_DYNAMIC_NO_PIC = NO;
				GCC_NO_COMMON_BLOCKS = YES;
				GCC_OPTIMIZATION_LEVEL = 0;
				GCC_PREPROCESSOR_DEFINITIONS = (
					"DEBUG=1",
					"$(inherited)",
				);
				GCC_WARN_64_TO_32_BIT_CONVERSION = YES;
				GCC_WARN_ABOUT_RETURN_TYPE = YES_ERROR;
				GCC_WARN_UNDECLARED_SELECTOR = YES;
				GCC_WARN_UNINITIALIZED_AUTOS = YES_AGGRESSIVE;
				GCC_WARN_UNUSED_FUNCTION = YES;
				GCC_WARN_UNUSED_VARIABLE = YES;
				IPHONEOS_DEPLOYMENT_TARGET = 16.2;
				MTL_ENABLE_DEBUG_INFO = INCLUDE_SOURCE;
				MTL_FAST_MATH = YES;
				ONLY_ACTIVE_ARCH = YES;
				SDKROOT = iphoneos;
				SWIFT_ACTIVE_COMPILATION_CONDITIONS = DEBUG;
				SWIFT_OPTIMIZATION_LEVEL = "-Onone";
			};
			name = Debug;
		};
		9531A73F29681866009D7688 /* Release */ = {
			isa = XCBuildConfiguration;
			buildSettings = {
				ALWAYS_SEARCH_USER_PATHS = NO;
				CLANG_ANALYZER_NONNULL = YES;
				CLANG_ANALYZER_NUMBER_OBJECT_CONVERSION = YES_AGGRESSIVE;
				CLANG_CXX_LANGUAGE_STANDARD = "gnu++20";
				CLANG_ENABLE_MODULES = YES;
				CLANG_ENABLE_OBJC_ARC = YES;
				CLANG_ENABLE_OBJC_WEAK = YES;
				CLANG_WARN_BLOCK_CAPTURE_AUTORELEASING = YES;
				CLANG_WARN_BOOL_CONVERSION = YES;
				CLANG_WARN_COMMA = YES;
				CLANG_WARN_CONSTANT_CONVERSION = YES;
				CLANG_WARN_DEPRECATED_OBJC_IMPLEMENTATIONS = YES;
				CLANG_WARN_DIRECT_OBJC_ISA_USAGE = YES_ERROR;
				CLANG_WARN_DOCUMENTATION_COMMENTS = YES;
				CLANG_WARN_EMPTY_BODY = YES;
				CLANG_WARN_ENUM_CONVERSION = YES;
				CLANG_WARN_INFINITE_RECURSION = YES;
				CLANG_WARN_INT_CONVERSION = YES;
				CLANG_WARN_NON_LITERAL_NULL_CONVERSION = YES;
				CLANG_WARN_OBJC_IMPLICIT_RETAIN_SELF = YES;
				CLANG_WARN_OBJC_LITERAL_CONVERSION = YES;
				CLANG_WARN_OBJC_ROOT_CLASS = YES_ERROR;
				CLANG_WARN_QUOTED_INCLUDE_IN_FRAMEWORK_HEADER = YES;
				CLANG_WARN_RANGE_LOOP_ANALYSIS = YES;
				CLANG_WARN_STRICT_PROTOTYPES = YES;
				CLANG_WARN_SUSPICIOUS_MOVE = YES;
				CLANG_WARN_UNGUARDED_AVAILABILITY = YES_AGGRESSIVE;
				CLANG_WARN_UNREACHABLE_CODE = YES;
				CLANG_WARN__DUPLICATE_METHOD_MATCH = YES;
				COPY_PHASE_STRIP = NO;
				DEBUG_INFORMATION_FORMAT = "dwarf-with-dsym";
				ENABLE_NS_ASSERTIONS = NO;
				ENABLE_STRICT_OBJC_MSGSEND = YES;
				GCC_C_LANGUAGE_STANDARD = gnu11;
				GCC_NO_COMMON_BLOCKS = YES;
				GCC_WARN_64_TO_32_BIT_CONVERSION = YES;
				GCC_WARN_ABOUT_RETURN_TYPE = YES_ERROR;
				GCC_WARN_UNDECLARED_SELECTOR = YES;
				GCC_WARN_UNINITIALIZED_AUTOS = YES_AGGRESSIVE;
				GCC_WARN_UNUSED_FUNCTION = YES;
				GCC_WARN_UNUSED_VARIABLE = YES;
				IPHONEOS_DEPLOYMENT_TARGET = 16.2;
				MTL_ENABLE_DEBUG_INFO = NO;
				MTL_FAST_MATH = YES;
				SDKROOT = iphoneos;
				SWIFT_COMPILATION_MODE = wholemodule;
				SWIFT_OPTIMIZATION_LEVEL = "-O";
				VALIDATE_PRODUCT = YES;
			};
			name = Release;
		};
		9531A74129681866009D7688 /* Debug */ = {
			isa = XCBuildConfiguration;
			buildSettings = {
				ASSETCATALOG_COMPILER_APPICON_NAME = AppIcon;
				ASSETCATALOG_COMPILER_GLOBAL_ACCENT_COLOR_NAME = AccentColor;
				CODE_SIGN_STYLE = Automatic;
				CURRENT_PROJECT_VERSION = 1;
				DEVELOPMENT_ASSET_PATHS = "\"PuddlesExampleiOS/Preview Content\"";
				DEVELOPMENT_TEAM = 7F6BJZY5B3;
				ENABLE_PREVIEWS = YES;
				GENERATE_INFOPLIST_FILE = YES;
				INFOPLIST_KEY_UIApplicationSceneManifest_Generation = YES;
				INFOPLIST_KEY_UIApplicationSupportsIndirectInputEvents = YES;
				INFOPLIST_KEY_UILaunchScreen_Generation = YES;
				INFOPLIST_KEY_UISupportedInterfaceOrientations_iPad = "UIInterfaceOrientationPortrait UIInterfaceOrientationPortraitUpsideDown UIInterfaceOrientationLandscapeLeft UIInterfaceOrientationLandscapeRight";
				INFOPLIST_KEY_UISupportedInterfaceOrientations_iPhone = "UIInterfaceOrientationPortrait UIInterfaceOrientationLandscapeLeft UIInterfaceOrientationLandscapeRight";
				LD_RUNPATH_SEARCH_PATHS = (
					"$(inherited)",
					"@executable_path/Frameworks",
				);
				MARKETING_VERSION = 1.0;
				PRODUCT_BUNDLE_IDENTIFIER = com.swiftedmind.puddles.PuddlesExampleiOS;
				PRODUCT_NAME = "$(TARGET_NAME)";
				SUPPORTED_PLATFORMS = "iphoneos iphonesimulator";
				SUPPORTS_MACCATALYST = NO;
				SUPPORTS_MAC_DESIGNED_FOR_IPHONE_IPAD = NO;
				SWIFT_EMIT_LOC_STRINGS = YES;
				SWIFT_VERSION = 5.0;
				TARGETED_DEVICE_FAMILY = "1,2";
			};
			name = Debug;
		};
		9531A74229681866009D7688 /* Release */ = {
			isa = XCBuildConfiguration;
			buildSettings = {
				ASSETCATALOG_COMPILER_APPICON_NAME = AppIcon;
				ASSETCATALOG_COMPILER_GLOBAL_ACCENT_COLOR_NAME = AccentColor;
				CODE_SIGN_STYLE = Automatic;
				CURRENT_PROJECT_VERSION = 1;
				DEVELOPMENT_ASSET_PATHS = "\"PuddlesExampleiOS/Preview Content\"";
				DEVELOPMENT_TEAM = 7F6BJZY5B3;
				ENABLE_PREVIEWS = YES;
				GENERATE_INFOPLIST_FILE = YES;
				INFOPLIST_KEY_UIApplicationSceneManifest_Generation = YES;
				INFOPLIST_KEY_UIApplicationSupportsIndirectInputEvents = YES;
				INFOPLIST_KEY_UILaunchScreen_Generation = YES;
				INFOPLIST_KEY_UISupportedInterfaceOrientations_iPad = "UIInterfaceOrientationPortrait UIInterfaceOrientationPortraitUpsideDown UIInterfaceOrientationLandscapeLeft UIInterfaceOrientationLandscapeRight";
				INFOPLIST_KEY_UISupportedInterfaceOrientations_iPhone = "UIInterfaceOrientationPortrait UIInterfaceOrientationLandscapeLeft UIInterfaceOrientationLandscapeRight";
				LD_RUNPATH_SEARCH_PATHS = (
					"$(inherited)",
					"@executable_path/Frameworks",
				);
				MARKETING_VERSION = 1.0;
				PRODUCT_BUNDLE_IDENTIFIER = com.swiftedmind.puddles.PuddlesExampleiOS;
				PRODUCT_NAME = "$(TARGET_NAME)";
				SUPPORTED_PLATFORMS = "iphoneos iphonesimulator";
				SUPPORTS_MACCATALYST = NO;
				SUPPORTS_MAC_DESIGNED_FOR_IPHONE_IPAD = NO;
				SWIFT_EMIT_LOC_STRINGS = YES;
				SWIFT_VERSION = 5.0;
				TARGETED_DEVICE_FAMILY = "1,2";
			};
			name = Release;
		};
/* End XCBuildConfiguration section */

/* Begin XCConfigurationList section */
		9531A72D29681865009D7688 /* Build configuration list for PBXProject "PuddlesExampleiOS" */ = {
			isa = XCConfigurationList;
			buildConfigurations = (
				9531A73E29681866009D7688 /* Debug */,
				9531A73F29681866009D7688 /* Release */,
			);
			defaultConfigurationIsVisible = 0;
			defaultConfigurationName = Release;
		};
		9531A74029681866009D7688 /* Build configuration list for PBXNativeTarget "PuddlesExampleiOS" */ = {
			isa = XCConfigurationList;
			buildConfigurations = (
				9531A74129681866009D7688 /* Debug */,
				9531A74229681866009D7688 /* Release */,
			);
			defaultConfigurationIsVisible = 0;
			defaultConfigurationName = Release;
		};
/* End XCConfigurationList section */

/* Begin XCRemoteSwiftPackageReference section */
		9594A77B2968BE9B00063CE7 /* XCRemoteSwiftPackageReference "Fakery" */ = {
			isa = XCRemoteSwiftPackageReference;
			repositoryURL = "https://github.com/vadymmarkov/Fakery";
			requirement = {
				kind = upToNextMajorVersion;
				minimumVersion = 5.0.0;
			};
		};
		9594A7872969750400063CE7 /* XCRemoteSwiftPackageReference "swift-async-algorithms" */ = {
			isa = XCRemoteSwiftPackageReference;
			repositoryURL = "https://github.com/apple/swift-async-algorithms";
			requirement = {
				branch = main;
				kind = branch;
			};
		};
/* End XCRemoteSwiftPackageReference section */

/* Begin XCSwiftPackageProductDependency section */
		9531A745296818AE009D7688 /* Puddles */ = {
			isa = XCSwiftPackageProductDependency;
			productName = Puddles;
		};
		9594A77C2968BE9B00063CE7 /* Fakery */ = {
			isa = XCSwiftPackageProductDependency;
			package = 9594A77B2968BE9B00063CE7 /* XCRemoteSwiftPackageReference "Fakery" */;
			productName = Fakery;
		};
		9594A7882969750400063CE7 /* AsyncAlgorithms */ = {
			isa = XCSwiftPackageProductDependency;
			package = 9594A7872969750400063CE7 /* XCRemoteSwiftPackageReference "swift-async-algorithms" */;
			productName = AsyncAlgorithms;
		};
/* End XCSwiftPackageProductDependency section */
	};
	rootObject = 9531A72A29681865009D7688 /* Project object */;
}
